// !$*UTF8*$!
{
	archiveVersion = 1;
	classes = {
	};
	objectVersion = 60;
	objects = {

/* Begin PBXBuildFile section */
		970655852BFBFB3F00414BCC /* ContentViewModel.swift in Sources */ = {isa = PBXBuildFile; fileRef = 970655842BFBFB3F00414BCC /* ContentViewModel.swift */; };
		9729F17F2C07EBA700C39506 /* XProjParser in Frameworks */ = {isa = PBXBuildFile; productRef = 9729F17E2C07EBA700C39506 /* XProjParser */; };
		977D31CD2C07F56C00F08EDA /* Dependencies.swift in Sources */ = {isa = PBXBuildFile; fileRef = 977D31CC2C07F56C00F08EDA /* Dependencies.swift */; };
		97ADAC292BEC255C00F5DB84 /* LoadableResult.swift in Sources */ = {isa = PBXBuildFile; fileRef = 97ADAC282BEC255C00F5DB84 /* LoadableResult.swift */; };
		97ADAC2C2BEC255E00F5DB84 /* Assets.xcassets in Resources */ = {isa = PBXBuildFile; fileRef = 97ADAC2B2BEC255E00F5DB84 /* Assets.xcassets */; };
		97ADAC2F2BEC255E00F5DB84 /* PackageManagerManagerApp.swift in Sources */ = {isa = PBXBuildFile; fileRef = 97ADAC2E2BEC255E00F5DB84 /* PackageManagerManagerApp.swift */; };
		97ADAC322BEC255E00F5DB84 /* ContentView.swift in Sources */ = {isa = PBXBuildFile; fileRef = 97ADAC312BEC255E00F5DB84 /* ContentView.swift */; };
		97ADAC342BEC255E00F5DB84 /* AppInitializer.swift in Sources */ = {isa = PBXBuildFile; fileRef = 97ADAC332BEC255E00F5DB84 /* AppInitializer.swift */; };
		97ADAC362BEC255E00F5DB84 /* AppState.swift in Sources */ = {isa = PBXBuildFile; fileRef = 97ADAC352BEC255E00F5DB84 /* AppState.swift */; };
		97ADAC3A2BEC255E00F5DB84 /* Preview Assets.xcassets in Resources */ = {isa = PBXBuildFile; fileRef = 97ADAC392BEC255E00F5DB84 /* Preview Assets.xcassets */; };
		97B55DE02BF7F59300DDE6A6 /* Dependency.swift in Sources */ = {isa = PBXBuildFile; fileRef = 97B55DDF2BF7F59300DDE6A6 /* Dependency.swift */; };
		97B55DE22BF7F5A100DDE6A6 /* Target.swift in Sources */ = {isa = PBXBuildFile; fileRef = 97B55DE12BF7F5A100DDE6A6 /* Target.swift */; };
		97B55DE42BF7F5B100DDE6A6 /* RemoteVersionBehavior.swift in Sources */ = {isa = PBXBuildFile; fileRef = 97B55DE32BF7F5B100DDE6A6 /* RemoteVersionBehavior.swift */; };
		97B55DE72BF7FE3600DDE6A6 /* TargetManager.swift in Sources */ = {isa = PBXBuildFile; fileRef = 97B55DE62BF7FE3600DDE6A6 /* TargetManager.swift */; };
		97D877F62BEECA8E004F0D24 /* mock.swift in Sources */ = {isa = PBXBuildFile; fileRef = 97D877F32BEECA8E004F0D24 /* mock.swift */; };
/* End PBXBuildFile section */

/* Begin PBXFileReference section */
		970655842BFBFB3F00414BCC /* ContentViewModel.swift */ = {isa = PBXFileReference; lastKnownFileType = sourcecode.swift; path = ContentViewModel.swift; sourceTree = "<group>"; };
		977D31CC2C07F56C00F08EDA /* Dependencies.swift */ = {isa = PBXFileReference; lastKnownFileType = sourcecode.swift; path = Dependencies.swift; sourceTree = "<group>"; };
		97ADAC252BEC255C00F5DB84 /* PackageManagerManager.app */ = {isa = PBXFileReference; explicitFileType = wrapper.application; includeInIndex = 0; path = PackageManagerManager.app; sourceTree = BUILT_PRODUCTS_DIR; };
		97ADAC282BEC255C00F5DB84 /* LoadableResult.swift */ = {isa = PBXFileReference; lastKnownFileType = sourcecode.swift; path = LoadableResult.swift; sourceTree = "<group>"; };
		97ADAC2B2BEC255E00F5DB84 /* Assets.xcassets */ = {isa = PBXFileReference; lastKnownFileType = folder.assetcatalog; path = Assets.xcassets; sourceTree = "<group>"; };
		97ADAC2E2BEC255E00F5DB84 /* PackageManagerManagerApp.swift */ = {isa = PBXFileReference; lastKnownFileType = sourcecode.swift; path = PackageManagerManagerApp.swift; sourceTree = "<group>"; };
		97ADAC312BEC255E00F5DB84 /* ContentView.swift */ = {isa = PBXFileReference; lastKnownFileType = sourcecode.swift; path = ContentView.swift; sourceTree = "<group>"; };
		97ADAC332BEC255E00F5DB84 /* AppInitializer.swift */ = {isa = PBXFileReference; lastKnownFileType = sourcecode.swift; path = AppInitializer.swift; sourceTree = "<group>"; };
		97ADAC352BEC255E00F5DB84 /* AppState.swift */ = {isa = PBXFileReference; lastKnownFileType = sourcecode.swift; path = AppState.swift; sourceTree = "<group>"; };
		97ADAC372BEC255E00F5DB84 /* PackageManagerManager.entitlements */ = {isa = PBXFileReference; lastKnownFileType = text.plist.entitlements; path = PackageManagerManager.entitlements; sourceTree = "<group>"; };
		97ADAC392BEC255E00F5DB84 /* Preview Assets.xcassets */ = {isa = PBXFileReference; lastKnownFileType = folder.assetcatalog; path = "Preview Assets.xcassets"; sourceTree = "<group>"; };
		97ADAC3B2BEC255E00F5DB84 /* README.MD */ = {isa = PBXFileReference; lastKnownFileType = net.daringfireball.markdown; name = README.MD; path = ../../README.MD; sourceTree = "<group>"; };
		97B55DDF2BF7F59300DDE6A6 /* Dependency.swift */ = {isa = PBXFileReference; lastKnownFileType = sourcecode.swift; path = Dependency.swift; sourceTree = "<group>"; };
		97B55DE12BF7F5A100DDE6A6 /* Target.swift */ = {isa = PBXFileReference; lastKnownFileType = sourcecode.swift; path = Target.swift; sourceTree = "<group>"; };
		97B55DE32BF7F5B100DDE6A6 /* RemoteVersionBehavior.swift */ = {isa = PBXFileReference; lastKnownFileType = sourcecode.swift; path = RemoteVersionBehavior.swift; sourceTree = "<group>"; };
		97B55DE62BF7FE3600DDE6A6 /* TargetManager.swift */ = {isa = PBXFileReference; lastKnownFileType = sourcecode.swift; path = TargetManager.swift; sourceTree = "<group>"; };
		97D877F32BEECA8E004F0D24 /* mock.swift */ = {isa = PBXFileReference; fileEncoding = 4; lastKnownFileType = sourcecode.swift; path = mock.swift; sourceTree = "<group>"; };
/* End PBXFileReference section */

/* Begin PBXFrameworksBuildPhase section */
		97ADAC222BEC255C00F5DB84 /* Frameworks */ = {
			isa = PBXFrameworksBuildPhase;
			buildActionMask = 2147483647;
			files = (
				9729F17F2C07EBA700C39506 /* XProjParser in Frameworks */,
			);
			runOnlyForDeploymentPostprocessing = 0;
		};
/* End PBXFrameworksBuildPhase section */

/* Begin PBXGroup section */
		97ADAC1C2BEC255C00F5DB84 = {
			isa = PBXGroup;
			children = (
				97ADAC272BEC255C00F5DB84 /* PackageManagerManager */,
				97ADAC262BEC255C00F5DB84 /* Products */,
			);
			sourceTree = "<group>";
		};
		97ADAC262BEC255C00F5DB84 /* Products */ = {
			isa = PBXGroup;
			children = (
				97ADAC252BEC255C00F5DB84 /* PackageManagerManager.app */,
			);
			name = Products;
			sourceTree = "<group>";
		};
		97ADAC272BEC255C00F5DB84 /* PackageManagerManager */ = {
			isa = PBXGroup;
			children = (
				97D877F32BEECA8E004F0D24 /* mock.swift */,
				977D31CC2C07F56C00F08EDA /* Dependencies.swift */,
				97B55DDE2BF7F57F00DDE6A6 /* SpmmTools */,
				97ADAC282BEC255C00F5DB84 /* LoadableResult.swift */,
				97ADAC2A2BEC255E00F5DB84 /* Constants */,
				97ADAC2D2BEC255E00F5DB84 /* App */,
				97ADAC302BEC255E00F5DB84 /* UI */,
				97B55DE52BF7FE1B00DDE6A6 /* Managers */,
				97ADAC382BEC255E00F5DB84 /* Preview Content */,
			);
			path = PackageManagerManager;
			sourceTree = "<group>";
		};
		97ADAC2A2BEC255E00F5DB84 /* Constants */ = {
			isa = PBXGroup;
			children = (
				97ADAC2B2BEC255E00F5DB84 /* Assets.xcassets */,
			);
			path = Constants;
			sourceTree = "<group>";
		};
		97ADAC2D2BEC255E00F5DB84 /* App */ = {
			isa = PBXGroup;
			children = (
				97ADAC2E2BEC255E00F5DB84 /* PackageManagerManagerApp.swift */,
				97ADAC332BEC255E00F5DB84 /* AppInitializer.swift */,
				97ADAC352BEC255E00F5DB84 /* AppState.swift */,
				97ADAC372BEC255E00F5DB84 /* PackageManagerManager.entitlements */,
				97ADAC3B2BEC255E00F5DB84 /* README.MD */,
			);
			path = App;
			sourceTree = "<group>";
		};
		97ADAC302BEC255E00F5DB84 /* UI */ = {
			isa = PBXGroup;
			children = (
				97ADAC312BEC255E00F5DB84 /* ContentView.swift */,
				970655842BFBFB3F00414BCC /* ContentViewModel.swift */,
			);
			path = UI;
			sourceTree = "<group>";
		};
		97ADAC382BEC255E00F5DB84 /* Preview Content */ = {
			isa = PBXGroup;
			children = (
				97ADAC392BEC255E00F5DB84 /* Preview Assets.xcassets */,
			);
			path = "Preview Content";
			sourceTree = "<group>";
		};
		97B55DDE2BF7F57F00DDE6A6 /* SpmmTools */ = {
			isa = PBXGroup;
			children = (
				97B55DDF2BF7F59300DDE6A6 /* Dependency.swift */,
				97B55DE12BF7F5A100DDE6A6 /* Target.swift */,
				97B55DE32BF7F5B100DDE6A6 /* RemoteVersionBehavior.swift */,
			);
			path = SpmmTools;
			sourceTree = "<group>";
		};
		97B55DE52BF7FE1B00DDE6A6 /* Managers */ = {
			isa = PBXGroup;
			children = (
				97B55DE62BF7FE3600DDE6A6 /* TargetManager.swift */,
			);
			path = Managers;
			sourceTree = "<group>";
		};
/* End PBXGroup section */

/* Begin PBXNativeTarget section */
		97ADAC242BEC255C00F5DB84 /* PackageManagerManager */ = {
			isa = PBXNativeTarget;
			buildConfigurationList = 97ADAC3E2BEC255E00F5DB84 /* Build configuration list for PBXNativeTarget "PackageManagerManager" */;
			buildPhases = (
				97ADAC212BEC255C00F5DB84 /* Sources */,
				97ADAC222BEC255C00F5DB84 /* Frameworks */,
				97ADAC232BEC255C00F5DB84 /* Resources */,
			);
			buildRules = (
			);
			dependencies = (
			);
			name = PackageManagerManager;
			packageProductDependencies = (
				9729F17E2C07EBA700C39506 /* XProjParser */,
			);
			productName = PackageManagerManager;
			productReference = 97ADAC252BEC255C00F5DB84 /* PackageManagerManager.app */;
			productType = "com.apple.product-type.application";
		};
/* End PBXNativeTarget section */

/* Begin PBXProject section */
		97ADAC1D2BEC255C00F5DB84 /* Project object */ = {
			isa = PBXProject;
			attributes = {
				BuildIndependentTargetsInParallel = 1;
				LastSwiftUpdateCheck = 1530;
				LastUpgradeCheck = 1530;
				TargetAttributes = {
					97ADAC242BEC255C00F5DB84 = {
						CreatedOnToolsVersion = 15.3;
					};
				};
			};
			buildConfigurationList = 97ADAC202BEC255C00F5DB84 /* Build configuration list for PBXProject "PackageManagerManager" */;
			compatibilityVersion = "Xcode 14.0";
			developmentRegion = en;
			hasScannedForEncodings = 0;
			knownRegions = (
				en,
				Base,
			);
			mainGroup = 97ADAC1C2BEC255C00F5DB84;
			packageReferences = (
				9729F17D2C07EBA700C39506 /* XCLocalSwiftPackageReference "../AxelPods/XProjParser" */,
			);
			productRefGroup = 97ADAC262BEC255C00F5DB84 /* Products */;
			projectDirPath = "";
			projectRoot = "";
			targets = (
				97ADAC242BEC255C00F5DB84 /* PackageManagerManager */,
			);
		};
/* End PBXProject section */

/* Begin PBXResourcesBuildPhase section */
		97ADAC232BEC255C00F5DB84 /* Resources */ = {
			isa = PBXResourcesBuildPhase;
			buildActionMask = 2147483647;
			files = (
				97ADAC3A2BEC255E00F5DB84 /* Preview Assets.xcassets in Resources */,
				97ADAC2C2BEC255E00F5DB84 /* Assets.xcassets in Resources */,
			);
			runOnlyForDeploymentPostprocessing = 0;
		};
/* End PBXResourcesBuildPhase section */

/* Begin PBXSourcesBuildPhase section */
		97ADAC212BEC255C00F5DB84 /* Sources */ = {
			isa = PBXSourcesBuildPhase;
			buildActionMask = 2147483647;
			files = (
				977D31CD2C07F56C00F08EDA /* Dependencies.swift in Sources */,
				97B55DE22BF7F5A100DDE6A6 /* Target.swift in Sources */,
				97ADAC342BEC255E00F5DB84 /* AppInitializer.swift in Sources */,
				97B55DE72BF7FE3600DDE6A6 /* TargetManager.swift in Sources */,
				97D877F62BEECA8E004F0D24 /* mock.swift in Sources */,
				97B55DE02BF7F59300DDE6A6 /* Dependency.swift in Sources */,
				97ADAC362BEC255E00F5DB84 /* AppState.swift in Sources */,
				97ADAC2F2BEC255E00F5DB84 /* PackageManagerManagerApp.swift in Sources */,
				97ADAC292BEC255C00F5DB84 /* LoadableResult.swift in Sources */,
				97B55DE42BF7F5B100DDE6A6 /* RemoteVersionBehavior.swift in Sources */,
				97ADAC322BEC255E00F5DB84 /* ContentView.swift in Sources */,
				970655852BFBFB3F00414BCC /* ContentViewModel.swift in Sources */,
			);
			runOnlyForDeploymentPostprocessing = 0;
		};
/* End PBXSourcesBuildPhase section */

/* Begin XCBuildConfiguration section */
		97ADAC3C2BEC255E00F5DB84 /* Debug */ = {
			isa = XCBuildConfiguration;
			buildSettings = {
				ALWAYS_SEARCH_USER_PATHS = NO;
				ASSETCATALOG_COMPILER_GENERATE_SWIFT_ASSET_SYMBOL_EXTENSIONS = YES;
				CLANG_ANALYZER_NONNULL = YES;
				CLANG_ANALYZER_NUMBER_OBJECT_CONVERSION = YES_AGGRESSIVE;
				CLANG_CXX_LANGUAGE_STANDARD = "gnu++20";
				CLANG_ENABLE_MODULES = YES;
				CLANG_ENABLE_OBJC_ARC = YES;
				CLANG_ENABLE_OBJC_WEAK = YES;
				CLANG_WARN_BLOCK_CAPTURE_AUTORELEASING = YES;
				CLANG_WARN_BOOL_CONVERSION = YES;
				CLANG_WARN_COMMA = YES;
				CLANG_WARN_CONSTANT_CONVERSION = YES;
				CLANG_WARN_DEPRECATED_OBJC_IMPLEMENTATIONS = YES;
				CLANG_WARN_DIRECT_OBJC_ISA_USAGE = YES_ERROR;
				CLANG_WARN_DOCUMENTATION_COMMENTS = YES;
				CLANG_WARN_EMPTY_BODY = YES;
				CLANG_WARN_ENUM_CONVERSION = YES;
				CLANG_WARN_INFINITE_RECURSION = YES;
				CLANG_WARN_INT_CONVERSION = YES;
				CLANG_WARN_NON_LITERAL_NULL_CONVERSION = YES;
				CLANG_WARN_OBJC_IMPLICIT_RETAIN_SELF = YES;
				CLANG_WARN_OBJC_LITERAL_CONVERSION = YES;
				CLANG_WARN_OBJC_ROOT_CLASS = YES_ERROR;
				CLANG_WARN_QUOTED_INCLUDE_IN_FRAMEWORK_HEADER = YES;
				CLANG_WARN_RANGE_LOOP_ANALYSIS = YES;
				CLANG_WARN_STRICT_PROTOTYPES = YES;
				CLANG_WARN_SUSPICIOUS_MOVE = YES;
				CLANG_WARN_UNGUARDED_AVAILABILITY = YES_AGGRESSIVE;
				CLANG_WARN_UNREACHABLE_CODE = YES;
				CLANG_WARN__DUPLICATE_METHOD_MATCH = YES;
				COPY_PHASE_STRIP = NO;
				DEBUG_INFORMATION_FORMAT = dwarf;
				ENABLE_STRICT_OBJC_MSGSEND = YES;
				ENABLE_TESTABILITY = YES;
				ENABLE_USER_SCRIPT_SANDBOXING = YES;
				GCC_C_LANGUAGE_STANDARD = gnu17;
				GCC_DYNAMIC_NO_PIC = NO;
				GCC_NO_COMMON_BLOCKS = YES;
				GCC_OPTIMIZATION_LEVEL = 0;
				GCC_PREPROCESSOR_DEFINITIONS = (
					"DEBUG=1",
					"$(inherited)",
				);
				GCC_WARN_64_TO_32_BIT_CONVERSION = YES;
				GCC_WARN_ABOUT_RETURN_TYPE = YES_ERROR;
				GCC_WARN_UNDECLARED_SELECTOR = YES;
				GCC_WARN_UNINITIALIZED_AUTOS = YES_AGGRESSIVE;
				GCC_WARN_UNUSED_FUNCTION = YES;
				GCC_WARN_UNUSED_VARIABLE = YES;
				LOCALIZATION_PREFERS_STRING_CATALOGS = YES;
				MTL_ENABLE_DEBUG_INFO = INCLUDE_SOURCE;
				MTL_FAST_MATH = YES;
				ONLY_ACTIVE_ARCH = YES;
				SWIFT_ACTIVE_COMPILATION_CONDITIONS = "DEBUG $(inherited)";
				SWIFT_OPTIMIZATION_LEVEL = "-Onone";
			};
			name = Debug;
		};
		97ADAC3D2BEC255E00F5DB84 /* Release */ = {
			isa = XCBuildConfiguration;
			buildSettings = {
				ALWAYS_SEARCH_USER_PATHS = NO;
				ASSETCATALOG_COMPILER_GENERATE_SWIFT_ASSET_SYMBOL_EXTENSIONS = YES;
				CLANG_ANALYZER_NONNULL = YES;
				CLANG_ANALYZER_NUMBER_OBJECT_CONVERSION = YES_AGGRESSIVE;
				CLANG_CXX_LANGUAGE_STANDARD = "gnu++20";
				CLANG_ENABLE_MODULES = YES;
				CLANG_ENABLE_OBJC_ARC = YES;
				CLANG_ENABLE_OBJC_WEAK = YES;
				CLANG_WARN_BLOCK_CAPTURE_AUTORELEASING = YES;
				CLANG_WARN_BOOL_CONVERSION = YES;
				CLANG_WARN_COMMA = YES;
				CLANG_WARN_CONSTANT_CONVERSION = YES;
				CLANG_WARN_DEPRECATED_OBJC_IMPLEMENTATIONS = YES;
				CLANG_WARN_DIRECT_OBJC_ISA_USAGE = YES_ERROR;
				CLANG_WARN_DOCUMENTATION_COMMENTS = YES;
				CLANG_WARN_EMPTY_BODY = YES;
				CLANG_WARN_ENUM_CONVERSION = YES;
				CLANG_WARN_INFINITE_RECURSION = YES;
				CLANG_WARN_INT_CONVERSION = YES;
				CLANG_WARN_NON_LITERAL_NULL_CONVERSION = YES;
				CLANG_WARN_OBJC_IMPLICIT_RETAIN_SELF = YES;
				CLANG_WARN_OBJC_LITERAL_CONVERSION = YES;
				CLANG_WARN_OBJC_ROOT_CLASS = YES_ERROR;
				CLANG_WARN_QUOTED_INCLUDE_IN_FRAMEWORK_HEADER = YES;
				CLANG_WARN_RANGE_LOOP_ANALYSIS = YES;
				CLANG_WARN_STRICT_PROTOTYPES = YES;
				CLANG_WARN_SUSPICIOUS_MOVE = YES;
				CLANG_WARN_UNGUARDED_AVAILABILITY = YES_AGGRESSIVE;
				CLANG_WARN_UNREACHABLE_CODE = YES;
				CLANG_WARN__DUPLICATE_METHOD_MATCH = YES;
				COPY_PHASE_STRIP = NO;
				DEBUG_INFORMATION_FORMAT = "dwarf-with-dsym";
				ENABLE_NS_ASSERTIONS = NO;
				ENABLE_STRICT_OBJC_MSGSEND = YES;
				ENABLE_USER_SCRIPT_SANDBOXING = YES;
				GCC_C_LANGUAGE_STANDARD = gnu17;
				GCC_NO_COMMON_BLOCKS = YES;
				GCC_WARN_64_TO_32_BIT_CONVERSION = YES;
				GCC_WARN_ABOUT_RETURN_TYPE = YES_ERROR;
				GCC_WARN_UNDECLARED_SELECTOR = YES;
				GCC_WARN_UNINITIALIZED_AUTOS = YES_AGGRESSIVE;
				GCC_WARN_UNUSED_FUNCTION = YES;
				GCC_WARN_UNUSED_VARIABLE = YES;
				LOCALIZATION_PREFERS_STRING_CATALOGS = YES;
				MTL_ENABLE_DEBUG_INFO = NO;
				MTL_FAST_MATH = YES;
				SWIFT_COMPILATION_MODE = wholemodule;
			};
			name = Release;
		};
		97ADAC3F2BEC255E00F5DB84 /* Debug */ = {
			isa = XCBuildConfiguration;
			buildSettings = {
				ASSETCATALOG_COMPILER_APPICON_NAME = AppIcon;
				ASSETCATALOG_COMPILER_GLOBAL_ACCENT_COLOR_NAME = AccentColor;
				CODE_SIGN_ENTITLEMENTS = PackageManagerManager/App/PackageManagerManager.entitlements;
				CODE_SIGN_STYLE = Automatic;
				CURRENT_PROJECT_VERSION = 1;
				DEVELOPMENT_ASSET_PATHS = "\"PackageManagerManager/Preview Content\"";
				DEVELOPMENT_TEAM = D7MN23CD5F;
				ENABLE_HARDENED_RUNTIME = YES;
				ENABLE_PREVIEWS = YES;
				GENERATE_INFOPLIST_FILE = YES;
				"INFOPLIST_KEY_UIApplicationSceneManifest_Generation[sdk=iphoneos*]" = YES;
				"INFOPLIST_KEY_UIApplicationSceneManifest_Generation[sdk=iphonesimulator*]" = YES;
				"INFOPLIST_KEY_UIApplicationSupportsIndirectInputEvents[sdk=iphoneos*]" = YES;
				"INFOPLIST_KEY_UIApplicationSupportsIndirectInputEvents[sdk=iphonesimulator*]" = YES;
				"INFOPLIST_KEY_UILaunchScreen_Generation[sdk=iphoneos*]" = YES;
				"INFOPLIST_KEY_UILaunchScreen_Generation[sdk=iphonesimulator*]" = YES;
				"INFOPLIST_KEY_UIStatusBarStyle[sdk=iphoneos*]" = UIStatusBarStyleDefault;
				"INFOPLIST_KEY_UIStatusBarStyle[sdk=iphonesimulator*]" = UIStatusBarStyleDefault;
				INFOPLIST_KEY_UISupportedInterfaceOrientations_iPad = "UIInterfaceOrientationPortrait UIInterfaceOrientationPortraitUpsideDown UIInterfaceOrientationLandscapeLeft UIInterfaceOrientationLandscapeRight";
				INFOPLIST_KEY_UISupportedInterfaceOrientations_iPhone = "UIInterfaceOrientationPortrait UIInterfaceOrientationLandscapeLeft UIInterfaceOrientationLandscapeRight";
				IPHONEOS_DEPLOYMENT_TARGET = 17.4;
				LD_RUNPATH_SEARCH_PATHS = "@executable_path/Frameworks";
				"LD_RUNPATH_SEARCH_PATHS[sdk=macosx*]" = "@executable_path/../Frameworks";
				MACOSX_DEPLOYMENT_TARGET = 14.0;
				MARKETING_VERSION = 1.0;
				PRODUCT_BUNDLE_IDENTIFIER = com.anconaesselmann.PackageManagerManager;
				PRODUCT_NAME = "$(TARGET_NAME)";
				SDKROOT = auto;
				SUPPORTED_PLATFORMS = "iphoneos iphonesimulator macosx";
				SWIFT_EMIT_LOC_STRINGS = YES;
				SWIFT_VERSION = 5.0;
				TARGETED_DEVICE_FAMILY = "1,2";
			};
			name = Debug;
		};
		97ADAC402BEC255E00F5DB84 /* Release */ = {
			isa = XCBuildConfiguration;
			buildSettings = {
				ASSETCATALOG_COMPILER_APPICON_NAME = AppIcon;
				ASSETCATALOG_COMPILER_GLOBAL_ACCENT_COLOR_NAME = AccentColor;
				CODE_SIGN_ENTITLEMENTS = PackageManagerManager/App/PackageManagerManager.entitlements;
				CODE_SIGN_STYLE = Automatic;
				CURRENT_PROJECT_VERSION = 1;
				DEVELOPMENT_ASSET_PATHS = "\"PackageManagerManager/Preview Content\"";
				DEVELOPMENT_TEAM = D7MN23CD5F;
				ENABLE_HARDENED_RUNTIME = YES;
				ENABLE_PREVIEWS = YES;
				GENERATE_INFOPLIST_FILE = YES;
				"INFOPLIST_KEY_UIApplicationSceneManifest_Generation[sdk=iphoneos*]" = YES;
				"INFOPLIST_KEY_UIApplicationSceneManifest_Generation[sdk=iphonesimulator*]" = YES;
				"INFOPLIST_KEY_UIApplicationSupportsIndirectInputEvents[sdk=iphoneos*]" = YES;
				"INFOPLIST_KEY_UIApplicationSupportsIndirectInputEvents[sdk=iphonesimulator*]" = YES;
				"INFOPLIST_KEY_UILaunchScreen_Generation[sdk=iphoneos*]" = YES;
				"INFOPLIST_KEY_UILaunchScreen_Generation[sdk=iphonesimulator*]" = YES;
				"INFOPLIST_KEY_UIStatusBarStyle[sdk=iphoneos*]" = UIStatusBarStyleDefault;
				"INFOPLIST_KEY_UIStatusBarStyle[sdk=iphonesimulator*]" = UIStatusBarStyleDefault;
				INFOPLIST_KEY_UISupportedInterfaceOrientations_iPad = "UIInterfaceOrientationPortrait UIInterfaceOrientationPortraitUpsideDown UIInterfaceOrientationLandscapeLeft UIInterfaceOrientationLandscapeRight";
				INFOPLIST_KEY_UISupportedInterfaceOrientations_iPhone = "UIInterfaceOrientationPortrait UIInterfaceOrientationLandscapeLeft UIInterfaceOrientationLandscapeRight";
				IPHONEOS_DEPLOYMENT_TARGET = 17.4;
				LD_RUNPATH_SEARCH_PATHS = "@executable_path/Frameworks";
				"LD_RUNPATH_SEARCH_PATHS[sdk=macosx*]" = "@executable_path/../Frameworks";
				MACOSX_DEPLOYMENT_TARGET = 14.0;
				MARKETING_VERSION = 1.0;
				PRODUCT_BUNDLE_IDENTIFIER = com.anconaesselmann.PackageManagerManager;
				PRODUCT_NAME = "$(TARGET_NAME)";
				SDKROOT = auto;
				SUPPORTED_PLATFORMS = "iphoneos iphonesimulator macosx";
				SWIFT_EMIT_LOC_STRINGS = YES;
				SWIFT_VERSION = 5.0;
				TARGETED_DEVICE_FAMILY = "1,2";
			};
			name = Release;
		};
/* End XCBuildConfiguration section */

/* Begin XCConfigurationList section */
		97ADAC202BEC255C00F5DB84 /* Build configuration list for PBXProject "PackageManagerManager" */ = {
			isa = XCConfigurationList;
			buildConfigurations = (
				97ADAC3C2BEC255E00F5DB84 /* Debug */,
				97ADAC3D2BEC255E00F5DB84 /* Release */,
			);
			defaultConfigurationIsVisible = 0;
			defaultConfigurationName = Release;
		};
		97ADAC3E2BEC255E00F5DB84 /* Build configuration list for PBXNativeTarget "PackageManagerManager" */ = {
			isa = XCConfigurationList;
			buildConfigurations = (
				97ADAC3F2BEC255E00F5DB84 /* Debug */,
				97ADAC402BEC255E00F5DB84 /* Release */,
			);
			defaultConfigurationIsVisible = 0;
			defaultConfigurationName = Release;
		};
/* End XCConfigurationList section */

/* Begin XCLocalSwiftPackageReference section */
		9729F17D2C07EBA700C39506 /* XCLocalSwiftPackageReference "../AxelPods/XProjParser" */ = {
			isa = XCLocalSwiftPackageReference;
			relativePath = ../AxelPods/XProjParser;
		};
/* End XCLocalSwiftPackageReference section */

/* Begin XCSwiftPackageProductDependency section */
		9729F17E2C07EBA700C39506 /* XProjParser */ = {
			isa = XCSwiftPackageProductDependency;
			productName = XProjParser;
		};
/* End XCSwiftPackageProductDependency section */
	};
	rootObject = 97ADAC1D2BEC255C00F5DB84 /* Project object */;
}
