{
  "originHash" : "0e32aab65fc9204b16d501677765b48f5986cf0b1485ca89062e340bef3abacd",
  "pins" : [
    {
      "identity" : "parenthesesparser",
      "kind" : "remoteSourceControl",
      "location" : "https://github.com/anconaesselmann/ParenthesesParser",
      "state" : {
        "revision" : "54f05f94f3be34dca3a76f487b2a9c4aaef86eef",
        "version" : "0.0.1"
      }
    }
  ],
  "version" : 3
}
