{
  "originHash" : "f7c0771c92c25b1ae65234c1405db3e04333c30e7bf53d0536c320f8446d5aa8",
  "pins" : [
    {
      "identity" : "parenthesesparser",
      "kind" : "remoteSourceControl",
      "location" : "https://github.com/anconaesselmann/ParenthesesParser",
      "state" : {
        "revision" : "7d788173a22bd2598aceeffa2eee93ddc65f87e7",
        "version" : "0.0.2"
      }
    }
  ],
  "version" : 3
}
