{
  "originHash" : "5efa3f3d649c2dcd821961077f87c22b349c4d41fe71c6eba1e21b5a1fe46e7c",
  "pins" : [
    {
      "identity" : "githubapi",
      "kind" : "remoteSourceControl",
      "location" : "https://github.com/anconaesselmann/GithubApi",
      "state" : {
        "revision" : "b6e1d3b52d7742cf51b6c139b5b4dec5af56e367",
        "version" : "0.0.3"
      }
    },
    {
      "identity" : "parenthesesparser",
      "kind" : "remoteSourceControl",
      "location" : "https://github.com/anconaesselmann/ParenthesesParser",
      "state" : {
        "revision" : "7d788173a22bd2598aceeffa2eee93ddc65f87e7",
        "version" : "0.0.2"
      }
    },
    {
      "identity" : "sequenced",
      "kind" : "remoteSourceControl",
      "location" : "https://github.com/anconaesselmann/Sequenced",
      "state" : {
        "revision" : "ce44d63b9e3387e38116e987ecee7c7589480baf",
        "version" : "0.0.1"
      }
    },
    {
      "identity" : "swift-argument-parser",
      "kind" : "remoteSourceControl",
      "location" : "https://github.com/apple/swift-argument-parser.git",
      "state" : {
        "revision" : "0fbc8848e389af3bb55c182bc19ca9d5dc2f255b",
        "version" : "1.4.0"
      }
    },
    {
      "identity" : "swiftmd",
      "kind" : "remoteSourceControl",
      "location" : "https://github.com/anconaesselmann/SwiftMD",
      "state" : {
        "revision" : "6efd615e816ba784c544318db39b4fc8ba0e5b70",
        "version" : "0.0.2"
      }
    },
    {
      "identity" : "xprojparser",
      "kind" : "remoteSourceControl",
      "location" : "https://github.com/anconaesselmann/XProjParser",
      "state" : {
        "revision" : "cdefec017e2571e67bcbe9ce060d92fed7a4aafd",
        "version" : "0.0.16"
      }
    }
  ],
  "version" : 3
}
