{
  "originHash" : "7a0af49b528548c8816f957d481798c42e170a2f8b82e7b1c1b0f33adecc2d71",
  "pins" : [
    {
      "identity" : "githubapi",
      "kind" : "remoteSourceControl",
      "location" : "https://github.com/anconaesselmann/GithubApi",
      "state" : {
        "revision" : "a9ba45120c80212cf6b78e49e75498c5b7a96fe9",
        "version" : "0.0.1"
      }
    },
    {
      "identity" : "parenthesesparser",
      "kind" : "remoteSourceControl",
      "location" : "https://github.com/anconaesselmann/ParenthesesParser",
      "state" : {
        "revision" : "7d788173a22bd2598aceeffa2eee93ddc65f87e7",
        "version" : "0.0.2"
      }
    },
    {
      "identity" : "swift-argument-parser",
      "kind" : "remoteSourceControl",
      "location" : "https://github.com/apple/swift-argument-parser.git",
      "state" : {
        "revision" : "0fbc8848e389af3bb55c182bc19ca9d5dc2f255b",
        "version" : "1.4.0"
      }
    },
    {
      "identity" : "xprojparser",
      "kind" : "remoteSourceControl",
      "location" : "https://github.com/anconaesselmann/XProjParser",
      "state" : {
        "revision" : "4fef77970a3e5d1cc30b27bf6aebd7eb9e6a0d81",
        "version" : "0.0.12"
      }
    }
  ],
  "version" : 3
}
