{
  "originHash" : "7a0af49b528548c8816f957d481798c42e170a2f8b82e7b1c1b0f33adecc2d71",
  "pins" : [
    {
      "identity" : "githubapi",
      "kind" : "remoteSourceControl",
      "location" : "https://github.com/anconaesselmann/GithubApi",
      "state" : {
        "revision" : "c44e00bd4dafb059df4882fa9a9be0ab21c16fab",
        "version" : "0.0.2"
      }
    },
    {
      "identity" : "parenthesesparser",
      "kind" : "remoteSourceControl",
      "location" : "https://github.com/anconaesselmann/ParenthesesParser",
      "state" : {
        "revision" : "7d788173a22bd2598aceeffa2eee93ddc65f87e7",
        "version" : "0.0.2"
      }
    },
    {
      "identity" : "swift-argument-parser",
      "kind" : "remoteSourceControl",
      "location" : "https://github.com/apple/swift-argument-parser.git",
      "state" : {
        "revision" : "0fbc8848e389af3bb55c182bc19ca9d5dc2f255b",
        "version" : "1.4.0"
      }
    },
    {
      "identity" : "xprojparser",
      "kind" : "remoteSourceControl",
      "location" : "https://github.com/anconaesselmann/XProjParser",
      "state" : {
        "revision" : "cdefec017e2571e67bcbe9ce060d92fed7a4aafd",
        "version" : "0.0.16"
      }
    }
  ],
  "version" : 3
}
