// !$*UTF8*$!
{
	archiveVersion = 1;
	classes = {
	};
	objectVersion = 56;
	objects = {

/* Begin PBXBuildFile section */
		0ED594007E8642058AD8F1CD /* XProjParser in Frameworks */ = {isa = PBXBuildFile; productRef = 0ED594008AD8F1CDAC9350F5 /* XProjParser */; };
		0ED594008A0245878AF0BCD2 /* ArgumentParser in Frameworks */ = {isa = PBXBuildFile; productRef = 0ED594008AF0BCD2BC0C742A /* ArgumentParser */; };
		97044C7E2C0A3DE700D7424A /* Project.swift in Sources */ = {isa = PBXBuildFile; fileRef = 97044C7D2C0A3DE700D7424A /* Project.swift */; };
		97044C802C0A41E700D7424A /* supporting.swift in Sources */ = {isa = PBXBuildFile; fileRef = 97044C7F2C0A41E700D7424A /* supporting.swift */; };
		972453BF2C0957210069A162 /* shell.swift in Sources */ = {isa = PBXBuildFile; fileRef = 972453BE2C0957210069A162 /* shell.swift */; };
		9761EE672C0A3A950073AB3E /* SpmFileManager.swift in Sources */ = {isa = PBXBuildFile; fileRef = 9761EE662C0A3A950073AB3E /* SpmFileManager.swift */; };
		979962C52C0F84C200782E40 /* Config.swift in Sources */ = {isa = PBXBuildFile; fileRef = 979962C42C0F84C200782E40 /* Config.swift */; };
		979962C72C0F952100782E40 /* ConfigManager.swift in Sources */ = {isa = PBXBuildFile; fileRef = 979962C62C0F952100782E40 /* ConfigManager.swift */; };
		979962C92C0FA77300782E40 /* ConfigFile.swift in Sources */ = {isa = PBXBuildFile; fileRef = 979962C82C0FA77300782E40 /* ConfigFile.swift */; };
		979962CB2C0FBDFC00782E40 /* DependencyCache.swift in Sources */ = {isa = PBXBuildFile; fileRef = 979962CA2C0FBDFC00782E40 /* DependencyCache.swift */; };
		979962CD2C0FBF9D00782E40 /* DependenciesFile.swift in Sources */ = {isa = PBXBuildFile; fileRef = 979962CC2C0FBF9D00782E40 /* DependenciesFile.swift */; };
		979966D52C10E10300782E40 /* PackageLocation.swift in Sources */ = {isa = PBXBuildFile; fileRef = 979966D42C10E10300782E40 /* PackageLocation.swift */; };
		979967182C10FB1800782E40 /* GithubRelease.swift in Sources */ = {isa = PBXBuildFile; fileRef = 979967172C10FB1800782E40 /* GithubRelease.swift */; };
		97E7B2432C09117A00E33740 /* SPMM.swift in Sources */ = {isa = PBXBuildFile; fileRef = 97E7B2422C09117A00E33740 /* SPMM.swift */; };
		97E7B2672C092CD600E33740 /* Install.swift in Sources */ = {isa = PBXBuildFile; fileRef = 97E7B2662C092CD600E33740 /* Install.swift */; };
		97E7B2692C093B9600E33740 /* Init.swift in Sources */ = {isa = PBXBuildFile; fileRef = 97E7B2682C093B9600E33740 /* Init.swift */; };
		97E7B26B2C093BB600E33740 /* JsonSpmFile.swift in Sources */ = {isa = PBXBuildFile; fileRef = 97E7B26A2C093BB600E33740 /* JsonSpmFile.swift */; };
/* End PBXBuildFile section */

/* Begin PBXCopyFilesBuildPhase section */
		97E7B23D2C09117A00E33740 /* CopyFiles */ = {
			isa = PBXCopyFilesBuildPhase;
			buildActionMask = 2147483647;
			dstPath = /usr/share/man/man1/;
			dstSubfolderSpec = 0;
			files = (
			);
			runOnlyForDeploymentPostprocessing = 1;
		};
/* End PBXCopyFilesBuildPhase section */

/* Begin PBXFileReference section */
		97044C7D2C0A3DE700D7424A /* Project.swift */ = {isa = PBXFileReference; lastKnownFileType = sourcecode.swift; path = Project.swift; sourceTree = "<group>"; };
		97044C7F2C0A41E700D7424A /* supporting.swift */ = {isa = PBXFileReference; lastKnownFileType = sourcecode.swift; path = supporting.swift; sourceTree = "<group>"; };
		972453BE2C0957210069A162 /* shell.swift */ = {isa = PBXFileReference; lastKnownFileType = sourcecode.swift; path = shell.swift; sourceTree = "<group>"; };
		9761EE662C0A3A950073AB3E /* SpmFileManager.swift */ = {isa = PBXFileReference; lastKnownFileType = sourcecode.swift; path = SpmFileManager.swift; sourceTree = "<group>"; };
		979962C42C0F84C200782E40 /* Config.swift */ = {isa = PBXFileReference; lastKnownFileType = sourcecode.swift; path = Config.swift; sourceTree = "<group>"; };
		979962C62C0F952100782E40 /* ConfigManager.swift */ = {isa = PBXFileReference; lastKnownFileType = sourcecode.swift; path = ConfigManager.swift; sourceTree = "<group>"; };
		979962C82C0FA77300782E40 /* ConfigFile.swift */ = {isa = PBXFileReference; lastKnownFileType = sourcecode.swift; path = ConfigFile.swift; sourceTree = "<group>"; };
		979962CA2C0FBDFC00782E40 /* DependencyCache.swift */ = {isa = PBXFileReference; lastKnownFileType = sourcecode.swift; path = DependencyCache.swift; sourceTree = "<group>"; };
		979962CC2C0FBF9D00782E40 /* DependenciesFile.swift */ = {isa = PBXFileReference; lastKnownFileType = sourcecode.swift; path = DependenciesFile.swift; sourceTree = "<group>"; };
		979966D42C10E10300782E40 /* PackageLocation.swift */ = {isa = PBXFileReference; lastKnownFileType = sourcecode.swift; path = PackageLocation.swift; sourceTree = "<group>"; };
		979967172C10FB1800782E40 /* GithubRelease.swift */ = {isa = PBXFileReference; lastKnownFileType = sourcecode.swift; path = GithubRelease.swift; sourceTree = "<group>"; };
		97E7B23F2C09117A00E33740 /* SPMM */ = {isa = PBXFileReference; explicitFileType = "compiled.mach-o.executable"; includeInIndex = 0; path = SPMM; sourceTree = BUILT_PRODUCTS_DIR; };
		97E7B2422C09117A00E33740 /* SPMM.swift */ = {isa = PBXFileReference; lastKnownFileType = sourcecode.swift; path = SPMM.swift; sourceTree = "<group>"; };
		97E7B2662C092CD600E33740 /* Install.swift */ = {isa = PBXFileReference; lastKnownFileType = sourcecode.swift; path = Install.swift; sourceTree = "<group>"; };
		97E7B2682C093B9600E33740 /* Init.swift */ = {isa = PBXFileReference; lastKnownFileType = sourcecode.swift; path = Init.swift; sourceTree = "<group>"; };
		97E7B26A2C093BB600E33740 /* JsonSpmFile.swift */ = {isa = PBXFileReference; lastKnownFileType = sourcecode.swift; path = JsonSpmFile.swift; sourceTree = "<group>"; };
/* End PBXFileReference section */

/* Begin PBXFrameworksBuildPhase section */
		97E7B23C2C09117A00E33740 /* Frameworks */ = {
			isa = PBXFrameworksBuildPhase;
			buildActionMask = 2147483647;
			files = (
				0ED594007E8642058AD8F1CD /* XProjParser in Frameworks */,
				0ED594008A0245878AF0BCD2 /* ArgumentParser in Frameworks */,
			);
			runOnlyForDeploymentPostprocessing = 0;
		};
/* End PBXFrameworksBuildPhase section */

/* Begin PBXGroup section */
		97E7B2362C09117A00E33740 = {
			isa = PBXGroup;
			children = (
				97E7B2412C09117A00E33740 /* SPMM */,
				97E7B2402C09117A00E33740 /* Products */,
			);
			sourceTree = "<group>";
		};
		97E7B2402C09117A00E33740 /* Products */ = {
			isa = PBXGroup;
			children = (
				97E7B23F2C09117A00E33740 /* SPMM */,
			);
			name = Products;
			sourceTree = "<group>";
		};
		97E7B2412C09117A00E33740 /* SPMM */ = {
			isa = PBXGroup;
			children = (
				97E7B2422C09117A00E33740 /* SPMM.swift */,
				97E7B2662C092CD600E33740 /* Install.swift */,
				97E7B2682C093B9600E33740 /* Init.swift */,
				979962C42C0F84C200782E40 /* Config.swift */,
				979962CA2C0FBDFC00782E40 /* DependencyCache.swift */,
				97E7B26A2C093BB600E33740 /* JsonSpmFile.swift */,
				972453BE2C0957210069A162 /* shell.swift */,
				97044C7D2C0A3DE700D7424A /* Project.swift */,
				9761EE662C0A3A950073AB3E /* SpmFileManager.swift */,
				97044C7F2C0A41E700D7424A /* supporting.swift */,
				979962C62C0F952100782E40 /* ConfigManager.swift */,
				979962C82C0FA77300782E40 /* ConfigFile.swift */,
				979962CC2C0FBF9D00782E40 /* DependenciesFile.swift */,
				979966D42C10E10300782E40 /* PackageLocation.swift */,
				979967172C10FB1800782E40 /* GithubRelease.swift */,
			);
			path = SPMM;
			sourceTree = "<group>";
		};
/* End PBXGroup section */

/* Begin PBXNativeTarget section */
		97E7B23E2C09117A00E33740 /* SPMM */ = {
			isa = PBXNativeTarget;
			buildConfigurationList = 97E7B2462C09117A00E33740 /* Build configuration list for PBXNativeTarget "SPMM" */;
			buildPhases = (
				97E7B23B2C09117A00E33740 /* Sources */,
				97E7B23C2C09117A00E33740 /* Frameworks */,
				97E7B23D2C09117A00E33740 /* CopyFiles */,
			);
			buildRules = (
			);
			dependencies = (
			);
			name = SPMM;
			packageProductDependencies = (
				0ED594008AD8F1CDAC9350F5 /* XProjParser */,
				0ED594008AF0BCD2BC0C742A /* ArgumentParser */,
			);
			productName = SPMM;
			productReference = 97E7B23F2C09117A00E33740 /* SPMM */;
			productType = "com.apple.product-type.tool";
		};
/* End PBXNativeTarget section */

/* Begin PBXProject section */
		97E7B2372C09117A00E33740 /* Project object */ = {
			isa = PBXProject;
			attributes = {
				BuildIndependentTargetsInParallel = 1;
				LastSwiftUpdateCheck = 1530;
				LastUpgradeCheck = 1530;
				TargetAttributes = {
					97E7B23E2C09117A00E33740 = {
						CreatedOnToolsVersion = 15.3;
					};
				};
			};
			buildConfigurationList = 97E7B23A2C09117A00E33740 /* Build configuration list for PBXProject "SPMM" */;
			compatibilityVersion = "Xcode 14.0";
			developmentRegion = en;
			hasScannedForEncodings = 0;
			knownRegions = (
				en,
				Base,
			);
			mainGroup = 97E7B2362C09117A00E33740;
			packageReferences = (
				8A0245878AF0BCD2BC0C742A /* XCRemoteSwiftPackageReference "swift-argument-parser" */,
				7E8642058AD8F1CDAC9350F5 /* XCRemoteSwiftPackageReference "XProjParser" */,
			);
			productRefGroup = 97E7B2402C09117A00E33740 /* Products */;
			projectDirPath = "";
			projectRoot = "";
			targets = (
				97E7B23E2C09117A00E33740 /* SPMM */,
			);
		};
/* End PBXProject section */

/* Begin PBXSourcesBuildPhase section */
		97E7B23B2C09117A00E33740 /* Sources */ = {
			isa = PBXSourcesBuildPhase;
			buildActionMask = 2147483647;
			files = (
				979962C52C0F84C200782E40 /* Config.swift in Sources */,
				979966D52C10E10300782E40 /* PackageLocation.swift in Sources */,
				97E7B2692C093B9600E33740 /* Init.swift in Sources */,
				979962C92C0FA77300782E40 /* ConfigFile.swift in Sources */,
				9761EE672C0A3A950073AB3E /* SpmFileManager.swift in Sources */,
				979962C72C0F952100782E40 /* ConfigManager.swift in Sources */,
				972453BF2C0957210069A162 /* shell.swift in Sources */,
				97E7B2432C09117A00E33740 /* SPMM.swift in Sources */,
				97E7B26B2C093BB600E33740 /* JsonSpmFile.swift in Sources */,
				97044C7E2C0A3DE700D7424A /* Project.swift in Sources */,
				97044C802C0A41E700D7424A /* supporting.swift in Sources */,
				979962CD2C0FBF9D00782E40 /* DependenciesFile.swift in Sources */,
				979962CB2C0FBDFC00782E40 /* DependencyCache.swift in Sources */,
				97E7B2672C092CD600E33740 /* Install.swift in Sources */,
				979967182C10FB1800782E40 /* GithubRelease.swift in Sources */,
			);
			runOnlyForDeploymentPostprocessing = 0;
		};
/* End PBXSourcesBuildPhase section */

/* Begin XCBuildConfiguration section */
		97E7B2442C09117A00E33740 /* Debug */ = {
			isa = XCBuildConfiguration;
			buildSettings = {
				ALWAYS_SEARCH_USER_PATHS = NO;
				ASSETCATALOG_COMPILER_GENERATE_SWIFT_ASSET_SYMBOL_EXTENSIONS = YES;
				CLANG_ANALYZER_NONNULL = YES;
				CLANG_ANALYZER_NUMBER_OBJECT_CONVERSION = YES_AGGRESSIVE;
				CLANG_CXX_LANGUAGE_STANDARD = "gnu++20";
				CLANG_ENABLE_MODULES = YES;
				CLANG_ENABLE_OBJC_ARC = YES;
				CLANG_ENABLE_OBJC_WEAK = YES;
				CLANG_WARN_BLOCK_CAPTURE_AUTORELEASING = YES;
				CLANG_WARN_BOOL_CONVERSION = YES;
				CLANG_WARN_COMMA = YES;
				CLANG_WARN_CONSTANT_CONVERSION = YES;
				CLANG_WARN_DEPRECATED_OBJC_IMPLEMENTATIONS = YES;
				CLANG_WARN_DIRECT_OBJC_ISA_USAGE = YES_ERROR;
				CLANG_WARN_DOCUMENTATION_COMMENTS = YES;
				CLANG_WARN_EMPTY_BODY = YES;
				CLANG_WARN_ENUM_CONVERSION = YES;
				CLANG_WARN_INFINITE_RECURSION = YES;
				CLANG_WARN_INT_CONVERSION = YES;
				CLANG_WARN_NON_LITERAL_NULL_CONVERSION = YES;
				CLANG_WARN_OBJC_IMPLICIT_RETAIN_SELF = YES;
				CLANG_WARN_OBJC_LITERAL_CONVERSION = YES;
				CLANG_WARN_OBJC_ROOT_CLASS = YES_ERROR;
				CLANG_WARN_QUOTED_INCLUDE_IN_FRAMEWORK_HEADER = YES;
				CLANG_WARN_RANGE_LOOP_ANALYSIS = YES;
				CLANG_WARN_STRICT_PROTOTYPES = YES;
				CLANG_WARN_SUSPICIOUS_MOVE = YES;
				CLANG_WARN_UNGUARDED_AVAILABILITY = YES_AGGRESSIVE;
				CLANG_WARN_UNREACHABLE_CODE = YES;
				CLANG_WARN__DUPLICATE_METHOD_MATCH = YES;
				COPY_PHASE_STRIP = NO;
				DEBUG_INFORMATION_FORMAT = dwarf;
				ENABLE_STRICT_OBJC_MSGSEND = YES;
				ENABLE_TESTABILITY = YES;
				ENABLE_USER_SCRIPT_SANDBOXING = YES;
				GCC_C_LANGUAGE_STANDARD = gnu17;
				GCC_DYNAMIC_NO_PIC = NO;
				GCC_NO_COMMON_BLOCKS = YES;
				GCC_OPTIMIZATION_LEVEL = 0;
				GCC_PREPROCESSOR_DEFINITIONS = (
					"DEBUG=1",
					"$(inherited)",
				);
				GCC_WARN_64_TO_32_BIT_CONVERSION = YES;
				GCC_WARN_ABOUT_RETURN_TYPE = YES_ERROR;
				GCC_WARN_UNDECLARED_SELECTOR = YES;
				GCC_WARN_UNINITIALIZED_AUTOS = YES_AGGRESSIVE;
				GCC_WARN_UNUSED_FUNCTION = YES;
				GCC_WARN_UNUSED_VARIABLE = YES;
				LOCALIZATION_PREFERS_STRING_CATALOGS = YES;
				MACOSX_DEPLOYMENT_TARGET = 14.0;
				MTL_ENABLE_DEBUG_INFO = INCLUDE_SOURCE;
				MTL_FAST_MATH = YES;
				ONLY_ACTIVE_ARCH = YES;
				SDKROOT = macosx;
				SWIFT_ACTIVE_COMPILATION_CONDITIONS = "DEBUG $(inherited)";
				SWIFT_OPTIMIZATION_LEVEL = "-Onone";
			};
			name = Debug;
		};
		97E7B2452C09117A00E33740 /* Release */ = {
			isa = XCBuildConfiguration;
			buildSettings = {
				ALWAYS_SEARCH_USER_PATHS = NO;
				ASSETCATALOG_COMPILER_GENERATE_SWIFT_ASSET_SYMBOL_EXTENSIONS = YES;
				CLANG_ANALYZER_NONNULL = YES;
				CLANG_ANALYZER_NUMBER_OBJECT_CONVERSION = YES_AGGRESSIVE;
				CLANG_CXX_LANGUAGE_STANDARD = "gnu++20";
				CLANG_ENABLE_MODULES = YES;
				CLANG_ENABLE_OBJC_ARC = YES;
				CLANG_ENABLE_OBJC_WEAK = YES;
				CLANG_WARN_BLOCK_CAPTURE_AUTORELEASING = YES;
				CLANG_WARN_BOOL_CONVERSION = YES;
				CLANG_WARN_COMMA = YES;
				CLANG_WARN_CONSTANT_CONVERSION = YES;
				CLANG_WARN_DEPRECATED_OBJC_IMPLEMENTATIONS = YES;
				CLANG_WARN_DIRECT_OBJC_ISA_USAGE = YES_ERROR;
				CLANG_WARN_DOCUMENTATION_COMMENTS = YES;
				CLANG_WARN_EMPTY_BODY = YES;
				CLANG_WARN_ENUM_CONVERSION = YES;
				CLANG_WARN_INFINITE_RECURSION = YES;
				CLANG_WARN_INT_CONVERSION = YES;
				CLANG_WARN_NON_LITERAL_NULL_CONVERSION = YES;
				CLANG_WARN_OBJC_IMPLICIT_RETAIN_SELF = YES;
				CLANG_WARN_OBJC_LITERAL_CONVERSION = YES;
				CLANG_WARN_OBJC_ROOT_CLASS = YES_ERROR;
				CLANG_WARN_QUOTED_INCLUDE_IN_FRAMEWORK_HEADER = YES;
				CLANG_WARN_RANGE_LOOP_ANALYSIS = YES;
				CLANG_WARN_STRICT_PROTOTYPES = YES;
				CLANG_WARN_SUSPICIOUS_MOVE = YES;
				CLANG_WARN_UNGUARDED_AVAILABILITY = YES_AGGRESSIVE;
				CLANG_WARN_UNREACHABLE_CODE = YES;
				CLANG_WARN__DUPLICATE_METHOD_MATCH = YES;
				COPY_PHASE_STRIP = NO;
				DEBUG_INFORMATION_FORMAT = "dwarf-with-dsym";
				ENABLE_NS_ASSERTIONS = NO;
				ENABLE_STRICT_OBJC_MSGSEND = YES;
				ENABLE_USER_SCRIPT_SANDBOXING = YES;
				GCC_C_LANGUAGE_STANDARD = gnu17;
				GCC_NO_COMMON_BLOCKS = YES;
				GCC_WARN_64_TO_32_BIT_CONVERSION = YES;
				GCC_WARN_ABOUT_RETURN_TYPE = YES_ERROR;
				GCC_WARN_UNDECLARED_SELECTOR = YES;
				GCC_WARN_UNINITIALIZED_AUTOS = YES_AGGRESSIVE;
				GCC_WARN_UNUSED_FUNCTION = YES;
				GCC_WARN_UNUSED_VARIABLE = YES;
				LOCALIZATION_PREFERS_STRING_CATALOGS = YES;
				MACOSX_DEPLOYMENT_TARGET = 14.0;
				MTL_ENABLE_DEBUG_INFO = NO;
				MTL_FAST_MATH = YES;
				SDKROOT = macosx;
				SWIFT_COMPILATION_MODE = wholemodule;
			};
			name = Release;
		};
		97E7B2472C09117A00E33740 /* Debug */ = {
			isa = XCBuildConfiguration;
			buildSettings = {
				CODE_SIGN_STYLE = Automatic;
				DEVELOPMENT_TEAM = D7MN23CD5F;
				ENABLE_HARDENED_RUNTIME = YES;
				MACOSX_DEPLOYMENT_TARGET = 14.0;
				PRODUCT_NAME = "$(TARGET_NAME)";
				SWIFT_VERSION = 5.0;
			};
			name = Debug;
		};
		97E7B2482C09117A00E33740 /* Release */ = {
			isa = XCBuildConfiguration;
			buildSettings = {
				CODE_SIGN_STYLE = Automatic;
				DEVELOPMENT_TEAM = D7MN23CD5F;
				ENABLE_HARDENED_RUNTIME = YES;
				MACOSX_DEPLOYMENT_TARGET = 14.0;
				PRODUCT_NAME = "$(TARGET_NAME)";
				SWIFT_VERSION = 5.0;
			};
			name = Release;
		};
/* End XCBuildConfiguration section */

/* Begin XCConfigurationList section */
		97E7B23A2C09117A00E33740 /* Build configuration list for PBXProject "SPMM" */ = {
			isa = XCConfigurationList;
			buildConfigurations = (
				97E7B2442C09117A00E33740 /* Debug */,
				97E7B2452C09117A00E33740 /* Release */,
			);
			defaultConfigurationIsVisible = 0;
			defaultConfigurationName = Release;
		};
		97E7B2462C09117A00E33740 /* Build configuration list for PBXNativeTarget "SPMM" */ = {
			isa = XCConfigurationList;
			buildConfigurations = (
				97E7B2472C09117A00E33740 /* Debug */,
				97E7B2482C09117A00E33740 /* Release */,
			);
			defaultConfigurationIsVisible = 0;
			defaultConfigurationName = Release;
		};
/* End XCConfigurationList section */

/* Begin XCRemoteSwiftPackageReference section */
		7E8642058AD8F1CDAC9350F5 /* XCRemoteSwiftPackageReference "XProjParser" */ = {
			isa = XCRemoteSwiftPackageReference;
			repositoryURL = "https://github.com/anconaesselmann/XProjParser";
			requirement = {
				kind = upToNextMajorVersion;
				minimumVersion = 0.0.7;
			};
		};
		8A0245878AF0BCD2BC0C742A /* XCRemoteSwiftPackageReference "swift-argument-parser" */ = {
			isa = XCRemoteSwiftPackageReference;
			repositoryURL = "https://github.com/apple/swift-argument-parser";
			requirement = {
				kind = upToNextMajorVersion;
				minimumVersion = 1.4.0;
			};
		};
/* End XCRemoteSwiftPackageReference section */

/* Begin XCSwiftPackageProductDependency section */
		0ED594008AD8F1CDAC9350F5 /* XProjParser */ = {
			isa = XCSwiftPackageProductDependency;
			package = 7E8642058AD8F1CDAC9350F5 /* XCRemoteSwiftPackageReference "XProjParser" */;
			productName = XProjParser;
		};
		0ED594008AF0BCD2BC0C742A /* ArgumentParser */ = {
			isa = XCSwiftPackageProductDependency;
			package = 8A0245878AF0BCD2BC0C742A /* XCRemoteSwiftPackageReference "swift-argument-parser" */;
			productName = ArgumentParser;
		};
/* End XCSwiftPackageProductDependency section */
	};
	rootObject = 97E7B2372C09117A00E33740 /* Project object */;
}
