// !$*UTF8*$!
{
	archiveVersion = 1;
	classes = {
	};
	objectVersion = 60;
	objects = {

/* Begin PBXBuildFile section */
		972453BF2C0957210069A162 /* shell.swift in Sources */ = {isa = PBXBuildFile; fileRef = 972453BE2C0957210069A162 /* shell.swift */; };
		97E7B2432C09117A00E33740 /* main.swift in Sources */ = {isa = PBXBuildFile; fileRef = 97E7B2422C09117A00E33740 /* main.swift */; };
		97E7B2672C092CD600E33740 /* Install.swift in Sources */ = {isa = PBXBuildFile; fileRef = 97E7B2662C092CD600E33740 /* Install.swift */; };
		97E7B2692C093B9600E33740 /* Init.swift in Sources */ = {isa = PBXBuildFile; fileRef = 97E7B2682C093B9600E33740 /* Init.swift */; };
		97E7B26B2C093BB600E33740 /* JsonSpmFile.swift in Sources */ = {isa = PBXBuildFile; fileRef = 97E7B26A2C093BB600E33740 /* JsonSpmFile.swift */; };
		E7E116731CE049209FAFCC17 /* XProjParser in Frameworks */ = {isa = PBXBuildFile; productRef = CF688B5818254701B5248F45 /* XProjParser */; };
		FB318DB8968C489EA23DBE15 /* ArgumentParser in Frameworks */ = {isa = PBXBuildFile; productRef = 53C26F83097C40FAA6007EC7 /* ArgumentParser */; };
/* End PBXBuildFile section */

/* Begin PBXCopyFilesBuildPhase section */
		97E7B23D2C09117A00E33740 /* CopyFiles */ = {
			isa = PBXCopyFilesBuildPhase;
			buildActionMask = 2147483647;
			dstPath = /usr/share/man/man1/;
			dstSubfolderSpec = 0;
			files = (
			);
			runOnlyForDeploymentPostprocessing = 1;
		};
/* End PBXCopyFilesBuildPhase section */

/* Begin PBXFileReference section */
		972453BE2C0957210069A162 /* shell.swift */ = {isa = PBXFileReference; lastKnownFileType = sourcecode.swift; path = shell.swift; sourceTree = "<group>"; };
		97E7B23F2C09117A00E33740 /* SPMM */ = {isa = PBXFileReference; explicitFileType = "compiled.mach-o.executable"; includeInIndex = 0; path = SPMM; sourceTree = BUILT_PRODUCTS_DIR; };
		97E7B2422C09117A00E33740 /* main.swift */ = {isa = PBXFileReference; lastKnownFileType = sourcecode.swift; path = main.swift; sourceTree = "<group>"; };
		97E7B2662C092CD600E33740 /* Install.swift */ = {isa = PBXFileReference; lastKnownFileType = sourcecode.swift; path = Install.swift; sourceTree = "<group>"; };
		97E7B2682C093B9600E33740 /* Init.swift */ = {isa = PBXFileReference; lastKnownFileType = sourcecode.swift; path = Init.swift; sourceTree = "<group>"; };
		97E7B26A2C093BB600E33740 /* JsonSpmFile.swift */ = {isa = PBXFileReference; lastKnownFileType = sourcecode.swift; path = JsonSpmFile.swift; sourceTree = "<group>"; };
/* End PBXFileReference section */

/* Begin PBXFrameworksBuildPhase section */
		97E7B23C2C09117A00E33740 /* Frameworks */ = {
			isa = PBXFrameworksBuildPhase;
			buildActionMask = 2147483647;
			files = (
				E7E116731CE049209FAFCC17 /* XProjParser in Frameworks */,
				FB318DB8968C489EA23DBE15 /* ArgumentParser in Frameworks */,
			);
			runOnlyForDeploymentPostprocessing = 0;
		};
/* End PBXFrameworksBuildPhase section */

/* Begin PBXGroup section */
		97E7B2362C09117A00E33740 = {
			isa = PBXGroup;
			children = (
				97E7B2412C09117A00E33740 /* SPMM */,
				97E7B2402C09117A00E33740 /* Products */,
			);
			sourceTree = "<group>";
		};
		97E7B2402C09117A00E33740 /* Products */ = {
			isa = PBXGroup;
			children = (
				97E7B23F2C09117A00E33740 /* SPMM */,
			);
			name = Products;
			sourceTree = "<group>";
		};
		97E7B2412C09117A00E33740 /* SPMM */ = {
			isa = PBXGroup;
			children = (
				97E7B2422C09117A00E33740 /* main.swift */,
				97E7B2662C092CD600E33740 /* Install.swift */,
				97E7B2682C093B9600E33740 /* Init.swift */,
				97E7B26A2C093BB600E33740 /* JsonSpmFile.swift */,
				972453BE2C0957210069A162 /* shell.swift */,
			);
			path = SPMM;
			sourceTree = "<group>";
		};
/* End PBXGroup section */

/* Begin PBXNativeTarget section */
		97E7B23E2C09117A00E33740 /* SPMM */ = {
			isa = PBXNativeTarget;
			buildConfigurationList = 97E7B2462C09117A00E33740 /* Build configuration list for PBXNativeTarget "SPMM" */;
			buildPhases = (
				97E7B23B2C09117A00E33740 /* Sources */,
				97E7B23C2C09117A00E33740 /* Frameworks */,
				97E7B23D2C09117A00E33740 /* CopyFiles */,
			);
			buildRules = (
			);
			dependencies = (
			);
			name = SPMM;
			packageProductDependencies = (
				CF688B5818254701B5248F45 /* XProjParser */,
				53C26F83097C40FAA6007EC7 /* ArgumentParser */,
			);
			productName = SPMM;
			productReference = 97E7B23F2C09117A00E33740 /* SPMM */;
			productType = "com.apple.product-type.tool";
		};
/* End PBXNativeTarget section */

/* Begin PBXProject section */
		97E7B2372C09117A00E33740 /* Project object */ = {
			isa = PBXProject;
			attributes = {
				BuildIndependentTargetsInParallel = 1;
				LastSwiftUpdateCheck = 1530;
				LastUpgradeCheck = 1530;
				TargetAttributes = {
					97E7B23E2C09117A00E33740 = {
						CreatedOnToolsVersion = 15.3;
					};
				};
			};
			buildConfigurationList = 97E7B23A2C09117A00E33740 /* Build configuration list for PBXProject "SPMM" */;
			compatibilityVersion = "Xcode 14.0";
			developmentRegion = en;
			hasScannedForEncodings = 0;
			knownRegions = (
				en,
				Base,
			);
			mainGroup = 97E7B2362C09117A00E33740;
			packageReferences = (
				DF3393AFAB0E434DA920D9DC /* XCRemoteSwiftPackageReference "ArgumentParser" */,
				1AB3B61292594819A747F1E0 /* XCRemoteSwiftPackageReference "XProjParser" */,
			);
			productRefGroup = 97E7B2402C09117A00E33740 /* Products */;
			projectDirPath = "";
			projectRoot = "";
			targets = (
				97E7B23E2C09117A00E33740 /* SPMM */,
			);
		};
/* End PBXProject section */

/* Begin PBXSourcesBuildPhase section */
		97E7B23B2C09117A00E33740 /* Sources */ = {
			isa = PBXSourcesBuildPhase;
			buildActionMask = 2147483647;
			files = (
				97E7B2692C093B9600E33740 /* Init.swift in Sources */,
				972453BF2C0957210069A162 /* shell.swift in Sources */,
				97E7B2432C09117A00E33740 /* main.swift in Sources */,
				97E7B26B2C093BB600E33740 /* JsonSpmFile.swift in Sources */,
				97E7B2672C092CD600E33740 /* Install.swift in Sources */,
			);
			runOnlyForDeploymentPostprocessing = 0;
		};
/* End PBXSourcesBuildPhase section */

/* Begin XCBuildConfiguration section */
		97E7B2442C09117A00E33740 /* Debug */ = {
			isa = XCBuildConfiguration;
			buildSettings = {
				ALWAYS_SEARCH_USER_PATHS = NO;
				ASSETCATALOG_COMPILER_GENERATE_SWIFT_ASSET_SYMBOL_EXTENSIONS = YES;
				CLANG_ANALYZER_NONNULL = YES;
				CLANG_ANALYZER_NUMBER_OBJECT_CONVERSION = YES_AGGRESSIVE;
				CLANG_CXX_LANGUAGE_STANDARD = "gnu++20";
				CLANG_ENABLE_MODULES = YES;
				CLANG_ENABLE_OBJC_ARC = YES;
				CLANG_ENABLE_OBJC_WEAK = YES;
				CLANG_WARN_BLOCK_CAPTURE_AUTORELEASING = YES;
				CLANG_WARN_BOOL_CONVERSION = YES;
				CLANG_WARN_COMMA = YES;
				CLANG_WARN_CONSTANT_CONVERSION = YES;
				CLANG_WARN_DEPRECATED_OBJC_IMPLEMENTATIONS = YES;
				CLANG_WARN_DIRECT_OBJC_ISA_USAGE = YES_ERROR;
				CLANG_WARN_DOCUMENTATION_COMMENTS = YES;
				CLANG_WARN_EMPTY_BODY = YES;
				CLANG_WARN_ENUM_CONVERSION = YES;
				CLANG_WARN_INFINITE_RECURSION = YES;
				CLANG_WARN_INT_CONVERSION = YES;
				CLANG_WARN_NON_LITERAL_NULL_CONVERSION = YES;
				CLANG_WARN_OBJC_IMPLICIT_RETAIN_SELF = YES;
				CLANG_WARN_OBJC_LITERAL_CONVERSION = YES;
				CLANG_WARN_OBJC_ROOT_CLASS = YES_ERROR;
				CLANG_WARN_QUOTED_INCLUDE_IN_FRAMEWORK_HEADER = YES;
				CLANG_WARN_RANGE_LOOP_ANALYSIS = YES;
				CLANG_WARN_STRICT_PROTOTYPES = YES;
				CLANG_WARN_SUSPICIOUS_MOVE = YES;
				CLANG_WARN_UNGUARDED_AVAILABILITY = YES_AGGRESSIVE;
				CLANG_WARN_UNREACHABLE_CODE = YES;
				CLANG_WARN__DUPLICATE_METHOD_MATCH = YES;
				COPY_PHASE_STRIP = NO;
				DEBUG_INFORMATION_FORMAT = dwarf;
				ENABLE_STRICT_OBJC_MSGSEND = YES;
				ENABLE_TESTABILITY = YES;
				ENABLE_USER_SCRIPT_SANDBOXING = YES;
				GCC_C_LANGUAGE_STANDARD = gnu17;
				GCC_DYNAMIC_NO_PIC = NO;
				GCC_NO_COMMON_BLOCKS = YES;
				GCC_OPTIMIZATION_LEVEL = 0;
				GCC_PREPROCESSOR_DEFINITIONS = (
					"DEBUG=1",
					"$(inherited)",
				);
				GCC_WARN_64_TO_32_BIT_CONVERSION = YES;
				GCC_WARN_ABOUT_RETURN_TYPE = YES_ERROR;
				GCC_WARN_UNDECLARED_SELECTOR = YES;
				GCC_WARN_UNINITIALIZED_AUTOS = YES_AGGRESSIVE;
				GCC_WARN_UNUSED_FUNCTION = YES;
				GCC_WARN_UNUSED_VARIABLE = YES;
				LOCALIZATION_PREFERS_STRING_CATALOGS = YES;
				MACOSX_DEPLOYMENT_TARGET = 14.0;
				MTL_ENABLE_DEBUG_INFO = INCLUDE_SOURCE;
				MTL_FAST_MATH = YES;
				ONLY_ACTIVE_ARCH = YES;
				SDKROOT = macosx;
				SWIFT_ACTIVE_COMPILATION_CONDITIONS = "DEBUG $(inherited)";
				SWIFT_OPTIMIZATION_LEVEL = "-Onone";
			};
			name = Debug;
		};
		97E7B2452C09117A00E33740 /* Release */ = {
			isa = XCBuildConfiguration;
			buildSettings = {
				ALWAYS_SEARCH_USER_PATHS = NO;
				ASSETCATALOG_COMPILER_GENERATE_SWIFT_ASSET_SYMBOL_EXTENSIONS = YES;
				CLANG_ANALYZER_NONNULL = YES;
				CLANG_ANALYZER_NUMBER_OBJECT_CONVERSION = YES_AGGRESSIVE;
				CLANG_CXX_LANGUAGE_STANDARD = "gnu++20";
				CLANG_ENABLE_MODULES = YES;
				CLANG_ENABLE_OBJC_ARC = YES;
				CLANG_ENABLE_OBJC_WEAK = YES;
				CLANG_WARN_BLOCK_CAPTURE_AUTORELEASING = YES;
				CLANG_WARN_BOOL_CONVERSION = YES;
				CLANG_WARN_COMMA = YES;
				CLANG_WARN_CONSTANT_CONVERSION = YES;
				CLANG_WARN_DEPRECATED_OBJC_IMPLEMENTATIONS = YES;
				CLANG_WARN_DIRECT_OBJC_ISA_USAGE = YES_ERROR;
				CLANG_WARN_DOCUMENTATION_COMMENTS = YES;
				CLANG_WARN_EMPTY_BODY = YES;
				CLANG_WARN_ENUM_CONVERSION = YES;
				CLANG_WARN_INFINITE_RECURSION = YES;
				CLANG_WARN_INT_CONVERSION = YES;
				CLANG_WARN_NON_LITERAL_NULL_CONVERSION = YES;
				CLANG_WARN_OBJC_IMPLICIT_RETAIN_SELF = YES;
				CLANG_WARN_OBJC_LITERAL_CONVERSION = YES;
				CLANG_WARN_OBJC_ROOT_CLASS = YES_ERROR;
				CLANG_WARN_QUOTED_INCLUDE_IN_FRAMEWORK_HEADER = YES;
				CLANG_WARN_RANGE_LOOP_ANALYSIS = YES;
				CLANG_WARN_STRICT_PROTOTYPES = YES;
				CLANG_WARN_SUSPICIOUS_MOVE = YES;
				CLANG_WARN_UNGUARDED_AVAILABILITY = YES_AGGRESSIVE;
				CLANG_WARN_UNREACHABLE_CODE = YES;
				CLANG_WARN__DUPLICATE_METHOD_MATCH = YES;
				COPY_PHASE_STRIP = NO;
				DEBUG_INFORMATION_FORMAT = "dwarf-with-dsym";
				ENABLE_NS_ASSERTIONS = NO;
				ENABLE_STRICT_OBJC_MSGSEND = YES;
				ENABLE_USER_SCRIPT_SANDBOXING = YES;
				GCC_C_LANGUAGE_STANDARD = gnu17;
				GCC_NO_COMMON_BLOCKS = YES;
				GCC_WARN_64_TO_32_BIT_CONVERSION = YES;
				GCC_WARN_ABOUT_RETURN_TYPE = YES_ERROR;
				GCC_WARN_UNDECLARED_SELECTOR = YES;
				GCC_WARN_UNINITIALIZED_AUTOS = YES_AGGRESSIVE;
				GCC_WARN_UNUSED_FUNCTION = YES;
				GCC_WARN_UNUSED_VARIABLE = YES;
				LOCALIZATION_PREFERS_STRING_CATALOGS = YES;
				MACOSX_DEPLOYMENT_TARGET = 14.0;
				MTL_ENABLE_DEBUG_INFO = NO;
				MTL_FAST_MATH = YES;
				SDKROOT = macosx;
				SWIFT_COMPILATION_MODE = wholemodule;
			};
			name = Release;
		};
		97E7B2472C09117A00E33740 /* Debug */ = {
			isa = XCBuildConfiguration;
			buildSettings = {
				CODE_SIGN_STYLE = Automatic;
				DEVELOPMENT_TEAM = D7MN23CD5F;
				ENABLE_HARDENED_RUNTIME = YES;
				MACOSX_DEPLOYMENT_TARGET = 14.0;
				PRODUCT_NAME = "$(TARGET_NAME)";
				SWIFT_VERSION = 5.0;
			};
			name = Debug;
		};
		97E7B2482C09117A00E33740 /* Release */ = {
			isa = XCBuildConfiguration;
			buildSettings = {
				CODE_SIGN_STYLE = Automatic;
				DEVELOPMENT_TEAM = D7MN23CD5F;
				ENABLE_HARDENED_RUNTIME = YES;
				MACOSX_DEPLOYMENT_TARGET = 14.0;
				PRODUCT_NAME = "$(TARGET_NAME)";
				SWIFT_VERSION = 5.0;
			};
			name = Release;
		};
/* End XCBuildConfiguration section */

/* Begin XCConfigurationList section */
		97E7B23A2C09117A00E33740 /* Build configuration list for PBXProject "SPMM" */ = {
			isa = XCConfigurationList;
			buildConfigurations = (
				97E7B2442C09117A00E33740 /* Debug */,
				97E7B2452C09117A00E33740 /* Release */,
			);
			defaultConfigurationIsVisible = 0;
			defaultConfigurationName = Release;
		};
		97E7B2462C09117A00E33740 /* Build configuration list for PBXNativeTarget "SPMM" */ = {
			isa = XCConfigurationList;
			buildConfigurations = (
				97E7B2472C09117A00E33740 /* Debug */,
				97E7B2482C09117A00E33740 /* Release */,
			);
			defaultConfigurationIsVisible = 0;
			defaultConfigurationName = Release;
		};
/* End XCConfigurationList section */

/* Begin XCRemoteSwiftPackageReference section */
		1AB3B61292594819A747F1E0 /* XCRemoteSwiftPackageReference "XProjParser" */ = {
			isa = XCRemoteSwiftPackageReference;
			repositoryURL = "https://github.com/anconaesselmann/XProjParser";
			requirement = {
				kind = upToNextMajorVersion;
				minimumVersion = 0.0.2;
			};
		};
		DF3393AFAB0E434DA920D9DC /* XCRemoteSwiftPackageReference "ArgumentParser" */ = {
			isa = XCRemoteSwiftPackageReference;
			repositoryURL = "https://github.com/apple/swift-argument-parser";
			requirement = {
				kind = upToNextMajorVersion;
				minimumVersion = 1.4.0;
			};
		};
/* End XCRemoteSwiftPackageReference section */

/* Begin XCSwiftPackageProductDependency section */
		CF688B5818254701B5248F45 /* XProjParser */ = {
			isa = XCSwiftPackageProductDependency;
			package = 1AB3B61292594819A747F1E0 /* XCRemoteSwiftPackageReference "XProjParser" */;
			productName = XProjParser;
		};
		53C26F83097C40FAA6007EC7 /* ArgumentParser */ = {
			isa = XCSwiftPackageProductDependency;
			package = DF3393AFAB0E434DA920D9DC /* XCRemoteSwiftPackageReference "ArgumentParser" */;
			productName = ArgumentParser;
		};
/* End XCSwiftPackageProductDependency section */
	};
	rootObject = 97E7B2372C09117A00E33740 /* Project object */;
}
