// !$*UTF8*$!
{
	archiveVersion = 1;
	classes = {
	};
	objectVersion = 56;
	objects = {

/* Begin PBXBuildFile section */
		0ED594007E8642058AD8F1CD /* XProjParser in Frameworks */ = {isa = PBXBuildFile; productRef = 0ED594008AD8F1CDAC9350F5 /* XProjParser */; };
		0ED594008A0245878AF0BCD2 /* ArgumentParser in Frameworks */ = {isa = PBXBuildFile; productRef = 0ED594008AF0BCD2BC0C742A /* ArgumentParser */; };
		97044C7E2C0A3DE700D7424A /* Project.swift in Sources */ = {isa = PBXBuildFile; fileRef = 97044C7D2C0A3DE700D7424A /* Project.swift */; };
		97192AB72C13C99400287B03 /* FileManagerProtocol+Extensions.swift in Sources */ = {isa = PBXBuildFile; fileRef = 97192AB62C13C99400287B03 /* FileManagerProtocol+Extensions.swift */; };
		97192AB92C13C9BA00287B03 /* ProjectInspector.swift in Sources */ = {isa = PBXBuildFile; fileRef = 97192AB82C13C9BA00287B03 /* ProjectInspector.swift */; };
		97192ABB2C13FD5900287B03 /* INST_JSPM_T1_L_Tests.swift in Sources */ = {isa = PBXBuildFile; fileRef = 97192ABA2C13FD5900287B03 /* INST_JSPM_T1_L_Tests.swift */; };
		97192ABD2C13FFC500287B03 /* INST_JSPM_T1_G_Tests.swift in Sources */ = {isa = PBXBuildFile; fileRef = 97192ABC2C13FFC500287B03 /* INST_JSPM_T1_G_Tests.swift */; };
		97192AC02C1555F900287B03 /* README.MD in Resources */ = {isa = PBXBuildFile; fileRef = 97192ABF2C1555F900287B03 /* README.MD */; };
		972437B12C12354E0011C5AE /* INST_CSPM_T1_Tests.swift in Sources */ = {isa = PBXBuildFile; fileRef = 972437B02C12354E0011C5AE /* INST_CSPM_T1_Tests.swift */; };
		972437B62C1235860011C5AE /* shell.swift in Sources */ = {isa = PBXBuildFile; fileRef = 972453BE2C0957210069A162 /* shell.swift */; };
		972437B72C1235940011C5AE /* Project.swift in Sources */ = {isa = PBXBuildFile; fileRef = 97044C7D2C0A3DE700D7424A /* Project.swift */; };
		972437B82C1235940011C5AE /* SpmFileManager.swift in Sources */ = {isa = PBXBuildFile; fileRef = 9761EE662C0A3A950073AB3E /* SpmFileManager.swift */; };
		972437B92C1235940011C5AE /* DependenciesFile.swift in Sources */ = {isa = PBXBuildFile; fileRef = 979962CC2C0FBF9D00782E40 /* DependenciesFile.swift */; };
		972437BA2C1235940011C5AE /* ConfigFile.swift in Sources */ = {isa = PBXBuildFile; fileRef = 979962C82C0FA77300782E40 /* ConfigFile.swift */; };
		972437BB2C1235940011C5AE /* PackageLocation.swift in Sources */ = {isa = PBXBuildFile; fileRef = 979966D42C10E10300782E40 /* PackageLocation.swift */; };
		972437BC2C1235940011C5AE /* Target.swift in Sources */ = {isa = PBXBuildFile; fileRef = 9799682E2C12249F00782E40 /* Target.swift */; };
		972437BD2C1235940011C5AE /* Init.swift in Sources */ = {isa = PBXBuildFile; fileRef = 97E7B2682C093B9600E33740 /* Init.swift */; };
		972437BE2C1235940011C5AE /* ConfigManager.swift in Sources */ = {isa = PBXBuildFile; fileRef = 979962C62C0F952100782E40 /* ConfigManager.swift */; };
		972437BF2C1235940011C5AE /* Bool+StringInitialization.swift in Sources */ = {isa = PBXBuildFile; fileRef = 979967DE2C1178AA00782E40 /* Bool+StringInitialization.swift */; };
		972437C02C1235940011C5AE /* Add.swift in Sources */ = {isa = PBXBuildFile; fileRef = 9799682C2C121EF200782E40 /* Add.swift */; };
		972437C12C1235940011C5AE /* GithubRelease.swift in Sources */ = {isa = PBXBuildFile; fileRef = 979967172C10FB1800782E40 /* GithubRelease.swift */; };
		972437C22C1235940011C5AE /* DependencyCache.swift in Sources */ = {isa = PBXBuildFile; fileRef = 979962CA2C0FBDFC00782E40 /* DependencyCache.swift */; };
		972437C32C1235940011C5AE /* Install.swift in Sources */ = {isa = PBXBuildFile; fileRef = 97E7B2662C092CD600E33740 /* Install.swift */; };
		972437C42C1235940011C5AE /* Config.swift in Sources */ = {isa = PBXBuildFile; fileRef = 979962C42C0F84C200782E40 /* Config.swift */; };
		972437C52C1235940011C5AE /* RemoteDepenencyManager.swift in Sources */ = {isa = PBXBuildFile; fileRef = 979967192C1105D400782E40 /* RemoteDepenencyManager.swift */; };
		972437C62C1235990011C5AE /* JsonSpmFile.swift in Sources */ = {isa = PBXBuildFile; fileRef = 97E7B26A2C093BB600E33740 /* JsonSpmFile.swift */; };
		972437C72C1235990011C5AE /* JsonSpmDependency.swift in Sources */ = {isa = PBXBuildFile; fileRef = 979967E92C11825200782E40 /* JsonSpmDependency.swift */; };
		972437C82C1235990011C5AE /* JsonSpmTarget.swift in Sources */ = {isa = PBXBuildFile; fileRef = 979967E72C11823A00782E40 /* JsonSpmTarget.swift */; };
		972437CA2C123D400011C5AE /* FileManager.swift in Sources */ = {isa = PBXBuildFile; fileRef = 972437C92C123D400011C5AE /* FileManager.swift */; };
		972437CB2C123D4D0011C5AE /* FileManager.swift in Sources */ = {isa = PBXBuildFile; fileRef = 972437C92C123D400011C5AE /* FileManager.swift */; };
		972437CD2C12427F0011C5AE /* InitMicroSpmFileTests.swift in Sources */ = {isa = PBXBuildFile; fileRef = 972437CC2C12427F0011C5AE /* InitMicroSpmFileTests.swift */; };
		972438322C1247940011C5AE /* MyAppProject_d0.test in Resources */ = {isa = PBXBuildFile; fileRef = 972438312C1247940011C5AE /* MyAppProject_d0.test */; };
		972438762C1252460011C5AE /* Init+Tests.swift in Sources */ = {isa = PBXBuildFile; fileRef = 972438752C1252460011C5AE /* Init+Tests.swift */; };
		972438792C12600F0011C5AE /* XCTAssertEqual+fileContent.swift in Sources */ = {isa = PBXBuildFile; fileRef = 972438782C12600F0011C5AE /* XCTAssertEqual+fileContent.swift */; };
		9724387C2C12625B0011C5AE /* Output.swift in Sources */ = {isa = PBXBuildFile; fileRef = 9724387B2C12625B0011C5AE /* Output.swift */; };
		9724387D2C12640F0011C5AE /* Output.swift in Sources */ = {isa = PBXBuildFile; fileRef = 9724387B2C12625B0011C5AE /* Output.swift */; };
		972438802C1267AB0011C5AE /* TestOutput.swift in Sources */ = {isa = PBXBuildFile; fileRef = 9724387F2C1267AB0011C5AE /* TestOutput.swift */; };
		972438852C1273D30011C5AE /* dependencies.test in Resources */ = {isa = PBXBuildFile; fileRef = 972438842C1273D30011C5AE /* dependencies.test */; };
		972438872C12796E0011C5AE /* INIT_JSON_OPT_T1_Tests.swift in Sources */ = {isa = PBXBuildFile; fileRef = 972438862C12796E0011C5AE /* INIT_JSON_OPT_T1_Tests.swift */; };
		972438892C1280230011C5AE /* config.test in Resources */ = {isa = PBXBuildFile; fileRef = 972438882C1280230011C5AE /* config.test */; };
		9724388B2C1298B00011C5AE /* MyAppJson.swift in Sources */ = {isa = PBXBuildFile; fileRef = 9724388A2C1298B00011C5AE /* MyAppJson.swift */; };
		9724388D2C12D58C0011C5AE /* INIT_JSONC_OPT_T1_Tests.swift in Sources */ = {isa = PBXBuildFile; fileRef = 9724388C2C12D58C0011C5AE /* INIT_JSONC_OPT_T1_Tests.swift */; };
		972453BF2C0957210069A162 /* shell.swift in Sources */ = {isa = PBXBuildFile; fileRef = 972453BE2C0957210069A162 /* shell.swift */; };
		9761EE672C0A3A950073AB3E /* SpmFileManager.swift in Sources */ = {isa = PBXBuildFile; fileRef = 9761EE662C0A3A950073AB3E /* SpmFileManager.swift */; };
		976A0D872C12DDFA008036D3 /* MyAppProject_d1.test in Resources */ = {isa = PBXBuildFile; fileRef = 976A0D852C12DDF9008036D3 /* MyAppProject_d1.test */; };
		976A0D882C12DDFA008036D3 /* MyAppProject_d2.test in Resources */ = {isa = PBXBuildFile; fileRef = 976A0D862C12DDF9008036D3 /* MyAppProject_d2.test */; };
		976A0D8A2C12E032008036D3 /* INIT_JSPM_T1_XPROJ_L_Tests.swift in Sources */ = {isa = PBXBuildFile; fileRef = 976A0D892C12E032008036D3 /* INIT_JSPM_T1_XPROJ_L_Tests.swift */; };
		976A0D8C2C12E52B008036D3 /* INIT_JSPM_T1_XPROJ_G_Tests.swift in Sources */ = {isa = PBXBuildFile; fileRef = 976A0D8B2C12E52B008036D3 /* INIT_JSPM_T1_XPROJ_G_Tests.swift */; };
		976A0D952C12F490008036D3 /* MyAppProject_d2_l.test in Resources */ = {isa = PBXBuildFile; fileRef = 976A0D932C12F490008036D3 /* MyAppProject_d2_l.test */; };
		976A0D962C12F490008036D3 /* MyAppProject_d1_l.test in Resources */ = {isa = PBXBuildFile; fileRef = 976A0D942C12F490008036D3 /* MyAppProject_d1_l.test */; };
		976A0D982C1313E7008036D3 /* INIT_JSPM_T1_XPROJ_DL_L_Tests.swift in Sources */ = {isa = PBXBuildFile; fileRef = 976A0D972C1313E7008036D3 /* INIT_JSPM_T1_XPROJ_DL_L_Tests.swift */; };
		976A0D9D2C138511008036D3 /* FileManagerProtocol.swift in Sources */ = {isa = PBXBuildFile; fileRef = 976A0D9C2C138511008036D3 /* FileManagerProtocol.swift */; };
		976A0D9E2C13852C008036D3 /* FileManagerProtocol.swift in Sources */ = {isa = PBXBuildFile; fileRef = 976A0D9C2C138511008036D3 /* FileManagerProtocol.swift */; };
		976A0DA02C138B84008036D3 /* TempFileManager.swift in Sources */ = {isa = PBXBuildFile; fileRef = 976A0D9F2C138B84008036D3 /* TempFileManager.swift */; };
		976A0DA42C139EE3008036D3 /* Install+Tests.swift in Sources */ = {isa = PBXBuildFile; fileRef = 976A0DA32C139EE3008036D3 /* Install+Tests.swift */; };
		976A0DA92C13A63A008036D3 /* XCTestCase+runAsyncTest.swift in Sources */ = {isa = PBXBuildFile; fileRef = 976A0DA82C13A63A008036D3 /* XCTestCase+runAsyncTest.swift */; };
		979962C52C0F84C200782E40 /* Config.swift in Sources */ = {isa = PBXBuildFile; fileRef = 979962C42C0F84C200782E40 /* Config.swift */; };
		979962C72C0F952100782E40 /* ConfigManager.swift in Sources */ = {isa = PBXBuildFile; fileRef = 979962C62C0F952100782E40 /* ConfigManager.swift */; };
		979962C92C0FA77300782E40 /* ConfigFile.swift in Sources */ = {isa = PBXBuildFile; fileRef = 979962C82C0FA77300782E40 /* ConfigFile.swift */; };
		979962CB2C0FBDFC00782E40 /* DependencyCache.swift in Sources */ = {isa = PBXBuildFile; fileRef = 979962CA2C0FBDFC00782E40 /* DependencyCache.swift */; };
		979962CD2C0FBF9D00782E40 /* DependenciesFile.swift in Sources */ = {isa = PBXBuildFile; fileRef = 979962CC2C0FBF9D00782E40 /* DependenciesFile.swift */; };
		979966D52C10E10300782E40 /* PackageLocation.swift in Sources */ = {isa = PBXBuildFile; fileRef = 979966D42C10E10300782E40 /* PackageLocation.swift */; };
		979967182C10FB1800782E40 /* GithubRelease.swift in Sources */ = {isa = PBXBuildFile; fileRef = 979967172C10FB1800782E40 /* GithubRelease.swift */; };
		9799671A2C1105D400782E40 /* RemoteDepenencyManager.swift in Sources */ = {isa = PBXBuildFile; fileRef = 979967192C1105D400782E40 /* RemoteDepenencyManager.swift */; };
		979967DF2C1178AA00782E40 /* Bool+StringInitialization.swift in Sources */ = {isa = PBXBuildFile; fileRef = 979967DE2C1178AA00782E40 /* Bool+StringInitialization.swift */; };
		979967E82C11823A00782E40 /* JsonSpmTarget.swift in Sources */ = {isa = PBXBuildFile; fileRef = 979967E72C11823A00782E40 /* JsonSpmTarget.swift */; };
		979967EA2C11825200782E40 /* JsonSpmDependency.swift in Sources */ = {isa = PBXBuildFile; fileRef = 979967E92C11825200782E40 /* JsonSpmDependency.swift */; };
		9799682D2C121EF200782E40 /* Add.swift in Sources */ = {isa = PBXBuildFile; fileRef = 9799682C2C121EF200782E40 /* Add.swift */; };
		9799682F2C12249F00782E40 /* Target.swift in Sources */ = {isa = PBXBuildFile; fileRef = 9799682E2C12249F00782E40 /* Target.swift */; };
		97E7B2432C09117A00E33740 /* SpmmMain.swift in Sources */ = {isa = PBXBuildFile; fileRef = 97E7B2422C09117A00E33740 /* SpmmMain.swift */; };
		97E7B2672C092CD600E33740 /* Install.swift in Sources */ = {isa = PBXBuildFile; fileRef = 97E7B2662C092CD600E33740 /* Install.swift */; };
		97E7B2692C093B9600E33740 /* Init.swift in Sources */ = {isa = PBXBuildFile; fileRef = 97E7B2682C093B9600E33740 /* Init.swift */; };
		97E7B26B2C093BB600E33740 /* JsonSpmFile.swift in Sources */ = {isa = PBXBuildFile; fileRef = 97E7B26A2C093BB600E33740 /* JsonSpmFile.swift */; };
		D8B5A0FD7E8642058AD8F1CD /* XProjParser in Frameworks */ = {isa = PBXBuildFile; productRef = D8B5A0FD8AD8F1CDAC9350F5 /* XProjParser */; };
		D8B5A0FD8A0245878AF0BCD2 /* ArgumentParser in Frameworks */ = {isa = PBXBuildFile; productRef = D8B5A0FD8AF0BCD2BC0C742A /* ArgumentParser */; };
/* End PBXBuildFile section */

/* Begin PBXCopyFilesBuildPhase section */
		97E7B23D2C09117A00E33740 /* CopyFiles */ = {
			isa = PBXCopyFilesBuildPhase;
			buildActionMask = 2147483647;
			dstPath = /usr/share/man/man1/;
			dstSubfolderSpec = 0;
			files = (
			);
			runOnlyForDeploymentPostprocessing = 1;
		};
/* End PBXCopyFilesBuildPhase section */

/* Begin PBXFileReference section */
		97044C7D2C0A3DE700D7424A /* Project.swift */ = {isa = PBXFileReference; lastKnownFileType = sourcecode.swift; path = Project.swift; sourceTree = "<group>"; };
		97192AB62C13C99400287B03 /* FileManagerProtocol+Extensions.swift */ = {isa = PBXFileReference; lastKnownFileType = sourcecode.swift; path = "FileManagerProtocol+Extensions.swift"; sourceTree = "<group>"; };
		97192AB82C13C9BA00287B03 /* ProjectInspector.swift */ = {isa = PBXFileReference; lastKnownFileType = sourcecode.swift; path = ProjectInspector.swift; sourceTree = "<group>"; };
		97192ABA2C13FD5900287B03 /* INST_JSPM_T1_L_Tests.swift */ = {isa = PBXFileReference; fileEncoding = 4; lastKnownFileType = sourcecode.swift; path = INST_JSPM_T1_L_Tests.swift; sourceTree = "<group>"; };
		97192ABC2C13FFC500287B03 /* INST_JSPM_T1_G_Tests.swift */ = {isa = PBXFileReference; fileEncoding = 4; lastKnownFileType = sourcecode.swift; path = INST_JSPM_T1_G_Tests.swift; sourceTree = "<group>"; };
		97192ABF2C1555F900287B03 /* README.MD */ = {isa = PBXFileReference; fileEncoding = 4; lastKnownFileType = net.daringfireball.markdown; path = README.MD; sourceTree = SOURCE_ROOT; };
		972437AE2C12354E0011C5AE /* SwiftPackageManagerCliToolsTests.xctest */ = {isa = PBXFileReference; explicitFileType = wrapper.cfbundle; includeInIndex = 0; path = SwiftPackageManagerCliToolsTests.xctest; sourceTree = BUILT_PRODUCTS_DIR; };
		972437B02C12354E0011C5AE /* INST_CSPM_T1_Tests.swift */ = {isa = PBXFileReference; lastKnownFileType = sourcecode.swift; path = INST_CSPM_T1_Tests.swift; sourceTree = "<group>"; };
		972437C92C123D400011C5AE /* FileManager.swift */ = {isa = PBXFileReference; lastKnownFileType = sourcecode.swift; path = FileManager.swift; sourceTree = "<group>"; };
		972437CC2C12427F0011C5AE /* InitMicroSpmFileTests.swift */ = {isa = PBXFileReference; lastKnownFileType = sourcecode.swift; path = InitMicroSpmFileTests.swift; sourceTree = "<group>"; };
		972438312C1247940011C5AE /* MyAppProject_d0.test */ = {isa = PBXFileReference; fileEncoding = 4; lastKnownFileType = text; path = MyAppProject_d0.test; sourceTree = "<group>"; };
		972438752C1252460011C5AE /* Init+Tests.swift */ = {isa = PBXFileReference; lastKnownFileType = sourcecode.swift; path = "Init+Tests.swift"; sourceTree = "<group>"; };
		972438782C12600F0011C5AE /* XCTAssertEqual+fileContent.swift */ = {isa = PBXFileReference; lastKnownFileType = sourcecode.swift; path = "XCTAssertEqual+fileContent.swift"; sourceTree = "<group>"; };
		9724387B2C12625B0011C5AE /* Output.swift */ = {isa = PBXFileReference; lastKnownFileType = sourcecode.swift; path = Output.swift; sourceTree = "<group>"; };
		9724387F2C1267AB0011C5AE /* TestOutput.swift */ = {isa = PBXFileReference; lastKnownFileType = sourcecode.swift; path = TestOutput.swift; sourceTree = "<group>"; };
		972438842C1273D30011C5AE /* dependencies.test */ = {isa = PBXFileReference; fileEncoding = 4; lastKnownFileType = text; path = dependencies.test; sourceTree = "<group>"; };
		972438862C12796E0011C5AE /* INIT_JSON_OPT_T1_Tests.swift */ = {isa = PBXFileReference; lastKnownFileType = sourcecode.swift; path = INIT_JSON_OPT_T1_Tests.swift; sourceTree = "<group>"; };
		972438882C1280230011C5AE /* config.test */ = {isa = PBXFileReference; fileEncoding = 4; lastKnownFileType = text; path = config.test; sourceTree = "<group>"; };
		9724388A2C1298B00011C5AE /* MyAppJson.swift */ = {isa = PBXFileReference; lastKnownFileType = sourcecode.swift; path = MyAppJson.swift; sourceTree = "<group>"; };
		9724388C2C12D58C0011C5AE /* INIT_JSONC_OPT_T1_Tests.swift */ = {isa = PBXFileReference; fileEncoding = 4; lastKnownFileType = sourcecode.swift; path = INIT_JSONC_OPT_T1_Tests.swift; sourceTree = "<group>"; };
		972453BE2C0957210069A162 /* shell.swift */ = {isa = PBXFileReference; lastKnownFileType = sourcecode.swift; path = shell.swift; sourceTree = "<group>"; };
		9761EE662C0A3A950073AB3E /* SpmFileManager.swift */ = {isa = PBXFileReference; lastKnownFileType = sourcecode.swift; path = SpmFileManager.swift; sourceTree = "<group>"; };
		976A0D852C12DDF9008036D3 /* MyAppProject_d1.test */ = {isa = PBXFileReference; fileEncoding = 4; lastKnownFileType = text; path = MyAppProject_d1.test; sourceTree = "<group>"; };
		976A0D862C12DDF9008036D3 /* MyAppProject_d2.test */ = {isa = PBXFileReference; fileEncoding = 4; lastKnownFileType = text; path = MyAppProject_d2.test; sourceTree = "<group>"; };
		976A0D892C12E032008036D3 /* INIT_JSPM_T1_XPROJ_L_Tests.swift */ = {isa = PBXFileReference; fileEncoding = 4; lastKnownFileType = sourcecode.swift; path = INIT_JSPM_T1_XPROJ_L_Tests.swift; sourceTree = "<group>"; };
		976A0D8B2C12E52B008036D3 /* INIT_JSPM_T1_XPROJ_G_Tests.swift */ = {isa = PBXFileReference; fileEncoding = 4; lastKnownFileType = sourcecode.swift; path = INIT_JSPM_T1_XPROJ_G_Tests.swift; sourceTree = "<group>"; };
		976A0D932C12F490008036D3 /* MyAppProject_d2_l.test */ = {isa = PBXFileReference; fileEncoding = 4; lastKnownFileType = text; path = MyAppProject_d2_l.test; sourceTree = "<group>"; };
		976A0D942C12F490008036D3 /* MyAppProject_d1_l.test */ = {isa = PBXFileReference; fileEncoding = 4; lastKnownFileType = text; path = MyAppProject_d1_l.test; sourceTree = "<group>"; };
		976A0D972C1313E7008036D3 /* INIT_JSPM_T1_XPROJ_DL_L_Tests.swift */ = {isa = PBXFileReference; fileEncoding = 4; lastKnownFileType = sourcecode.swift; path = INIT_JSPM_T1_XPROJ_DL_L_Tests.swift; sourceTree = "<group>"; };
		976A0D9C2C138511008036D3 /* FileManagerProtocol.swift */ = {isa = PBXFileReference; lastKnownFileType = sourcecode.swift; path = FileManagerProtocol.swift; sourceTree = "<group>"; };
		976A0D9F2C138B84008036D3 /* TempFileManager.swift */ = {isa = PBXFileReference; lastKnownFileType = sourcecode.swift; path = TempFileManager.swift; sourceTree = "<group>"; };
		976A0DA32C139EE3008036D3 /* Install+Tests.swift */ = {isa = PBXFileReference; lastKnownFileType = sourcecode.swift; path = "Install+Tests.swift"; sourceTree = "<group>"; };
		976A0DA82C13A63A008036D3 /* XCTestCase+runAsyncTest.swift */ = {isa = PBXFileReference; lastKnownFileType = sourcecode.swift; path = "XCTestCase+runAsyncTest.swift"; sourceTree = "<group>"; };
		979962C42C0F84C200782E40 /* Config.swift */ = {isa = PBXFileReference; lastKnownFileType = sourcecode.swift; path = Config.swift; sourceTree = "<group>"; };
		979962C62C0F952100782E40 /* ConfigManager.swift */ = {isa = PBXFileReference; lastKnownFileType = sourcecode.swift; path = ConfigManager.swift; sourceTree = "<group>"; };
		979962C82C0FA77300782E40 /* ConfigFile.swift */ = {isa = PBXFileReference; lastKnownFileType = sourcecode.swift; path = ConfigFile.swift; sourceTree = "<group>"; };
		979962CA2C0FBDFC00782E40 /* DependencyCache.swift */ = {isa = PBXFileReference; lastKnownFileType = sourcecode.swift; path = DependencyCache.swift; sourceTree = "<group>"; };
		979962CC2C0FBF9D00782E40 /* DependenciesFile.swift */ = {isa = PBXFileReference; lastKnownFileType = sourcecode.swift; path = DependenciesFile.swift; sourceTree = "<group>"; };
		979966D42C10E10300782E40 /* PackageLocation.swift */ = {isa = PBXFileReference; lastKnownFileType = sourcecode.swift; path = PackageLocation.swift; sourceTree = "<group>"; };
		979967172C10FB1800782E40 /* GithubRelease.swift */ = {isa = PBXFileReference; lastKnownFileType = sourcecode.swift; path = GithubRelease.swift; sourceTree = "<group>"; };
		979967192C1105D400782E40 /* RemoteDepenencyManager.swift */ = {isa = PBXFileReference; lastKnownFileType = sourcecode.swift; path = RemoteDepenencyManager.swift; sourceTree = "<group>"; };
		979967DE2C1178AA00782E40 /* Bool+StringInitialization.swift */ = {isa = PBXFileReference; lastKnownFileType = sourcecode.swift; path = "Bool+StringInitialization.swift"; sourceTree = "<group>"; };
		979967E72C11823A00782E40 /* JsonSpmTarget.swift */ = {isa = PBXFileReference; lastKnownFileType = sourcecode.swift; path = JsonSpmTarget.swift; sourceTree = "<group>"; };
		979967E92C11825200782E40 /* JsonSpmDependency.swift */ = {isa = PBXFileReference; lastKnownFileType = sourcecode.swift; path = JsonSpmDependency.swift; sourceTree = "<group>"; };
		9799682C2C121EF200782E40 /* Add.swift */ = {isa = PBXFileReference; lastKnownFileType = sourcecode.swift; path = Add.swift; sourceTree = "<group>"; };
		9799682E2C12249F00782E40 /* Target.swift */ = {isa = PBXFileReference; lastKnownFileType = sourcecode.swift; path = Target.swift; sourceTree = "<group>"; };
		97E7B23F2C09117A00E33740 /* SPMM */ = {isa = PBXFileReference; explicitFileType = "compiled.mach-o.executable"; includeInIndex = 0; path = SPMM; sourceTree = BUILT_PRODUCTS_DIR; };
		97E7B2422C09117A00E33740 /* SpmmMain.swift */ = {isa = PBXFileReference; lastKnownFileType = sourcecode.swift; path = SpmmMain.swift; sourceTree = "<group>"; };
		97E7B2662C092CD600E33740 /* Install.swift */ = {isa = PBXFileReference; lastKnownFileType = sourcecode.swift; path = Install.swift; sourceTree = "<group>"; };
		97E7B2682C093B9600E33740 /* Init.swift */ = {isa = PBXFileReference; lastKnownFileType = sourcecode.swift; path = Init.swift; sourceTree = "<group>"; };
		97E7B26A2C093BB600E33740 /* JsonSpmFile.swift */ = {isa = PBXFileReference; lastKnownFileType = sourcecode.swift; path = JsonSpmFile.swift; sourceTree = "<group>"; };
/* End PBXFileReference section */

/* Begin PBXFrameworksBuildPhase section */
		972437AB2C12354E0011C5AE /* Frameworks */ = {
			isa = PBXFrameworksBuildPhase;
			buildActionMask = 2147483647;
			files = (
				D8B5A0FD7E8642058AD8F1CD /* XProjParser in Frameworks */,
				D8B5A0FD8A0245878AF0BCD2 /* ArgumentParser in Frameworks */,
			);
			runOnlyForDeploymentPostprocessing = 0;
		};
		97E7B23C2C09117A00E33740 /* Frameworks */ = {
			isa = PBXFrameworksBuildPhase;
			buildActionMask = 2147483647;
			files = (
				0ED594007E8642058AD8F1CD /* XProjParser in Frameworks */,
				0ED594008A0245878AF0BCD2 /* ArgumentParser in Frameworks */,
			);
			runOnlyForDeploymentPostprocessing = 0;
		};
/* End PBXFrameworksBuildPhase section */

/* Begin PBXGroup section */
		972437AF2C12354E0011C5AE /* SwiftPackageManagerCliToolsTests */ = {
			isa = PBXGroup;
			children = (
				9724387E2C1267A30011C5AE /* Supporting */,
				972438772C125FF60011C5AE /* Assertions */,
				976A0DA12C139B08008036D3 /* InstallTests */,
				972437CE2C1243DE0011C5AE /* InitTests */,
			);
			path = SwiftPackageManagerCliToolsTests;
			sourceTree = "<group>";
		};
		972437CE2C1243DE0011C5AE /* InitTests */ = {
			isa = PBXGroup;
			children = (
				972438742C1252350011C5AE /* supporting */,
				972437CC2C12427F0011C5AE /* InitMicroSpmFileTests.swift */,
				972438862C12796E0011C5AE /* INIT_JSON_OPT_T1_Tests.swift */,
				9724388C2C12D58C0011C5AE /* INIT_JSONC_OPT_T1_Tests.swift */,
				976A0D892C12E032008036D3 /* INIT_JSPM_T1_XPROJ_L_Tests.swift */,
				976A0D8B2C12E52B008036D3 /* INIT_JSPM_T1_XPROJ_G_Tests.swift */,
				976A0D972C1313E7008036D3 /* INIT_JSPM_T1_XPROJ_DL_L_Tests.swift */,
				972438302C12477C0011C5AE /* data */,
			);
			path = InitTests;
			sourceTree = "<group>";
		};
		972438302C12477C0011C5AE /* data */ = {
			isa = PBXGroup;
			children = (
				972438842C1273D30011C5AE /* dependencies.test */,
				972438312C1247940011C5AE /* MyAppProject_d0.test */,
				976A0D852C12DDF9008036D3 /* MyAppProject_d1.test */,
				976A0D862C12DDF9008036D3 /* MyAppProject_d2.test */,
				976A0D942C12F490008036D3 /* MyAppProject_d1_l.test */,
				976A0D932C12F490008036D3 /* MyAppProject_d2_l.test */,
				972438882C1280230011C5AE /* config.test */,
				9724388A2C1298B00011C5AE /* MyAppJson.swift */,
			);
			path = data;
			sourceTree = "<group>";
		};
		972438742C1252350011C5AE /* supporting */ = {
			isa = PBXGroup;
			children = (
				972438752C1252460011C5AE /* Init+Tests.swift */,
			);
			path = supporting;
			sourceTree = "<group>";
		};
		972438772C125FF60011C5AE /* Assertions */ = {
			isa = PBXGroup;
			children = (
				972438782C12600F0011C5AE /* XCTAssertEqual+fileContent.swift */,
			);
			path = Assertions;
			sourceTree = "<group>";
		};
		9724387E2C1267A30011C5AE /* Supporting */ = {
			isa = PBXGroup;
			children = (
				9724387F2C1267AB0011C5AE /* TestOutput.swift */,
				976A0D9F2C138B84008036D3 /* TempFileManager.swift */,
				976A0DA82C13A63A008036D3 /* XCTestCase+runAsyncTest.swift */,
				97192AB62C13C99400287B03 /* FileManagerProtocol+Extensions.swift */,
				97192AB82C13C9BA00287B03 /* ProjectInspector.swift */,
			);
			path = Supporting;
			sourceTree = "<group>";
		};
		976A0D9B2C138508008036D3 /* FileManager */ = {
			isa = PBXGroup;
			children = (
				976A0D9C2C138511008036D3 /* FileManagerProtocol.swift */,
				972437C92C123D400011C5AE /* FileManager.swift */,
			);
			path = FileManager;
			sourceTree = "<group>";
		};
		976A0DA12C139B08008036D3 /* InstallTests */ = {
			isa = PBXGroup;
			children = (
				976A0DA22C139ED6008036D3 /* supporting */,
				972437B02C12354E0011C5AE /* INST_CSPM_T1_Tests.swift */,
				97192ABA2C13FD5900287B03 /* INST_JSPM_T1_L_Tests.swift */,
				97192ABC2C13FFC500287B03 /* INST_JSPM_T1_G_Tests.swift */,
				976A0DA52C13A097008036D3 /* data */,
			);
			path = InstallTests;
			sourceTree = "<group>";
		};
		976A0DA22C139ED6008036D3 /* supporting */ = {
			isa = PBXGroup;
			children = (
				976A0DA32C139EE3008036D3 /* Install+Tests.swift */,
			);
			path = supporting;
			sourceTree = "<group>";
		};
		976A0DA52C13A097008036D3 /* data */ = {
			isa = PBXGroup;
			children = (
			);
			path = data;
			sourceTree = "<group>";
		};
		979967E02C11814200782E40 /* Commands */ = {
			isa = PBXGroup;
			children = (
				97E7B2662C092CD600E33740 /* Install.swift */,
				97E7B2682C093B9600E33740 /* Init.swift */,
				979962C42C0F84C200782E40 /* Config.swift */,
				979962CA2C0FBDFC00782E40 /* DependencyCache.swift */,
				9799682C2C121EF200782E40 /* Add.swift */,
			);
			path = Commands;
			sourceTree = "<group>";
		};
		979967E12C11819100782E40 /* Models */ = {
			isa = PBXGroup;
			children = (
				97044C7D2C0A3DE700D7424A /* Project.swift */,
				9799682E2C12249F00782E40 /* Target.swift */,
				979967E62C11822A00782E40 /* SpmFile */,
				979962C82C0FA77300782E40 /* ConfigFile.swift */,
				979962CC2C0FBF9D00782E40 /* DependenciesFile.swift */,
				979966D42C10E10300782E40 /* PackageLocation.swift */,
				979967172C10FB1800782E40 /* GithubRelease.swift */,
			);
			path = Models;
			sourceTree = "<group>";
		};
		979967E22C11819F00782E40 /* Managers */ = {
			isa = PBXGroup;
			children = (
				976A0D9B2C138508008036D3 /* FileManager */,
				9761EE662C0A3A950073AB3E /* SpmFileManager.swift */,
				979967192C1105D400782E40 /* RemoteDepenencyManager.swift */,
				979962C62C0F952100782E40 /* ConfigManager.swift */,
			);
			path = Managers;
			sourceTree = "<group>";
		};
		979967E32C1181A800782E40 /* Supporting */ = {
			isa = PBXGroup;
			children = (
				972453BE2C0957210069A162 /* shell.swift */,
			);
			path = Supporting;
			sourceTree = "<group>";
		};
		979967E42C1181D400782E40 /* Extensions */ = {
			isa = PBXGroup;
			children = (
				979967DE2C1178AA00782E40 /* Bool+StringInitialization.swift */,
			);
			path = Extensions;
			sourceTree = "<group>";
		};
		979967E52C1181DC00782E40 /* App */ = {
			isa = PBXGroup;
			children = (
				97E7B2422C09117A00E33740 /* SpmmMain.swift */,
				9724387B2C12625B0011C5AE /* Output.swift */,
			);
			path = App;
			sourceTree = "<group>";
		};
		979967E62C11822A00782E40 /* SpmFile */ = {
			isa = PBXGroup;
			children = (
				97E7B26A2C093BB600E33740 /* JsonSpmFile.swift */,
				979967E72C11823A00782E40 /* JsonSpmTarget.swift */,
				979967E92C11825200782E40 /* JsonSpmDependency.swift */,
			);
			path = SpmFile;
			sourceTree = "<group>";
		};
		97E7B2362C09117A00E33740 = {
			isa = PBXGroup;
			children = (
				97192ABF2C1555F900287B03 /* README.MD */,
				97E7B2412C09117A00E33740 /* SPMM */,
				972437AF2C12354E0011C5AE /* SwiftPackageManagerCliToolsTests */,
				97E7B2402C09117A00E33740 /* Products */,
			);
			sourceTree = "<group>";
		};
		97E7B2402C09117A00E33740 /* Products */ = {
			isa = PBXGroup;
			children = (
				97E7B23F2C09117A00E33740 /* SPMM */,
				972437AE2C12354E0011C5AE /* SwiftPackageManagerCliToolsTests.xctest */,
			);
			name = Products;
			sourceTree = "<group>";
		};
		97E7B2412C09117A00E33740 /* SPMM */ = {
			isa = PBXGroup;
			children = (
				979967E52C1181DC00782E40 /* App */,
				979967E02C11814200782E40 /* Commands */,
				979967E12C11819100782E40 /* Models */,
				979967E22C11819F00782E40 /* Managers */,
				979967E42C1181D400782E40 /* Extensions */,
				979967E32C1181A800782E40 /* Supporting */,
			);
			path = SPMM;
			sourceTree = "<group>";
		};
/* End PBXGroup section */

/* Begin PBXNativeTarget section */
		972437AD2C12354E0011C5AE /* SwiftPackageManagerCliToolsTests */ = {
			isa = PBXNativeTarget;
			buildConfigurationList = 972437B42C12354E0011C5AE /* Build configuration list for PBXNativeTarget "SwiftPackageManagerCliToolsTests" */;
			buildPhases = (
				972437AA2C12354E0011C5AE /* Sources */,
				972437AB2C12354E0011C5AE /* Frameworks */,
				972437AC2C12354E0011C5AE /* Resources */,
			);
			buildRules = (
			);
			dependencies = (
			);
			name = SwiftPackageManagerCliToolsTests;
			packageProductDependencies = (
				D8B5A0FD8AD8F1CDAC9350F5 /* XProjParser */,
				D8B5A0FD8AF0BCD2BC0C742A /* ArgumentParser */,
			);
			productName = SwiftPackageManagerCliToolsTests;
			productReference = 972437AE2C12354E0011C5AE /* SwiftPackageManagerCliToolsTests.xctest */;
			productType = "com.apple.product-type.bundle.unit-test";
		};
		97E7B23E2C09117A00E33740 /* SPMM */ = {
			isa = PBXNativeTarget;
			buildConfigurationList = 97E7B2462C09117A00E33740 /* Build configuration list for PBXNativeTarget "SPMM" */;
			buildPhases = (
				97E7B23B2C09117A00E33740 /* Sources */,
				97E7B23C2C09117A00E33740 /* Frameworks */,
				97E7B23D2C09117A00E33740 /* CopyFiles */,
			);
			buildRules = (
			);
			dependencies = (
			);
			name = SPMM;
			packageProductDependencies = (
				0ED594008AD8F1CDAC9350F5 /* XProjParser */,
				0ED594008AF0BCD2BC0C742A /* ArgumentParser */,
			);
			productName = SPMM;
			productReference = 97E7B23F2C09117A00E33740 /* SPMM */;
			productType = "com.apple.product-type.tool";
		};
/* End PBXNativeTarget section */

/* Begin PBXProject section */
		97E7B2372C09117A00E33740 /* Project object */ = {
			isa = PBXProject;
			attributes = {
				BuildIndependentTargetsInParallel = 1;
				LastSwiftUpdateCheck = 1530;
				LastUpgradeCheck = 1530;
				TargetAttributes = {
					972437AD2C12354E0011C5AE = {
						CreatedOnToolsVersion = 15.3;
					};
					97E7B23E2C09117A00E33740 = {
						CreatedOnToolsVersion = 15.3;
					};
				};
			};
			buildConfigurationList = 97E7B23A2C09117A00E33740 /* Build configuration list for PBXProject "SPMM" */;
			compatibilityVersion = "Xcode 14.0";
			developmentRegion = en;
			hasScannedForEncodings = 0;
			knownRegions = (
				en,
				Base,
			);
			mainGroup = 97E7B2362C09117A00E33740;
			packageReferences = (
				8A0245878AF0BCD2BC0C742A /* XCRemoteSwiftPackageReference "swift-argument-parser" */,
				7E8642058AD8F1CDAC9350F5 /* XCRemoteSwiftPackageReference "XProjParser" */,
			);
			productRefGroup = 97E7B2402C09117A00E33740 /* Products */;
			projectDirPath = "";
			projectRoot = "";
			targets = (
				97E7B23E2C09117A00E33740 /* SPMM */,
				972437AD2C12354E0011C5AE /* SwiftPackageManagerCliToolsTests */,
			);
		};
/* End PBXProject section */

/* Begin PBXResourcesBuildPhase section */
		972437AC2C12354E0011C5AE /* Resources */ = {
			isa = PBXResourcesBuildPhase;
			buildActionMask = 2147483647;
			files = (
				976A0D952C12F490008036D3 /* MyAppProject_d2_l.test in Resources */,
				976A0D872C12DDFA008036D3 /* MyAppProject_d1.test in Resources */,
				972438852C1273D30011C5AE /* dependencies.test in Resources */,
				976A0D962C12F490008036D3 /* MyAppProject_d1_l.test in Resources */,
				972438322C1247940011C5AE /* MyAppProject_d0.test in Resources */,
				976A0D882C12DDFA008036D3 /* MyAppProject_d2.test in Resources */,
				97192AC02C1555F900287B03 /* README.MD in Resources */,
				972438892C1280230011C5AE /* config.test in Resources */,
			);
			runOnlyForDeploymentPostprocessing = 0;
		};
/* End PBXResourcesBuildPhase section */

/* Begin PBXSourcesBuildPhase section */
		972437AA2C12354E0011C5AE /* Sources */ = {
			isa = PBXSourcesBuildPhase;
			buildActionMask = 2147483647;
			files = (
				972437B72C1235940011C5AE /* Project.swift in Sources */,
				9724388D2C12D58C0011C5AE /* INIT_JSONC_OPT_T1_Tests.swift in Sources */,
				972437B82C1235940011C5AE /* SpmFileManager.swift in Sources */,
				972437B92C1235940011C5AE /* DependenciesFile.swift in Sources */,
				972437BA2C1235940011C5AE /* ConfigFile.swift in Sources */,
				976A0D8A2C12E032008036D3 /* INIT_JSPM_T1_XPROJ_L_Tests.swift in Sources */,
				972437BB2C1235940011C5AE /* PackageLocation.swift in Sources */,
				972437BC2C1235940011C5AE /* Target.swift in Sources */,
				97192ABD2C13FFC500287B03 /* INST_JSPM_T1_G_Tests.swift in Sources */,
				972437BD2C1235940011C5AE /* Init.swift in Sources */,
				972437CB2C123D4D0011C5AE /* FileManager.swift in Sources */,
				972437BE2C1235940011C5AE /* ConfigManager.swift in Sources */,
				972437BF2C1235940011C5AE /* Bool+StringInitialization.swift in Sources */,
				976A0DA42C139EE3008036D3 /* Install+Tests.swift in Sources */,
				972437C02C1235940011C5AE /* Add.swift in Sources */,
				976A0DA02C138B84008036D3 /* TempFileManager.swift in Sources */,
				972438792C12600F0011C5AE /* XCTAssertEqual+fileContent.swift in Sources */,
				9724387D2C12640F0011C5AE /* Output.swift in Sources */,
				972437CD2C12427F0011C5AE /* InitMicroSpmFileTests.swift in Sources */,
				972437C12C1235940011C5AE /* GithubRelease.swift in Sources */,
				972438762C1252460011C5AE /* Init+Tests.swift in Sources */,
				97192AB72C13C99400287B03 /* FileManagerProtocol+Extensions.swift in Sources */,
				976A0D8C2C12E52B008036D3 /* INIT_JSPM_T1_XPROJ_G_Tests.swift in Sources */,
				976A0DA92C13A63A008036D3 /* XCTestCase+runAsyncTest.swift in Sources */,
				972437C22C1235940011C5AE /* DependencyCache.swift in Sources */,
				972437C32C1235940011C5AE /* Install.swift in Sources */,
				972437C42C1235940011C5AE /* Config.swift in Sources */,
				9724388B2C1298B00011C5AE /* MyAppJson.swift in Sources */,
				97192AB92C13C9BA00287B03 /* ProjectInspector.swift in Sources */,
				972437C52C1235940011C5AE /* RemoteDepenencyManager.swift in Sources */,
				972438872C12796E0011C5AE /* INIT_JSON_OPT_T1_Tests.swift in Sources */,
				972437C62C1235990011C5AE /* JsonSpmFile.swift in Sources */,
				972437C72C1235990011C5AE /* JsonSpmDependency.swift in Sources */,
				972438802C1267AB0011C5AE /* TestOutput.swift in Sources */,
				972437C82C1235990011C5AE /* JsonSpmTarget.swift in Sources */,
				976A0D9E2C13852C008036D3 /* FileManagerProtocol.swift in Sources */,
				972437B62C1235860011C5AE /* shell.swift in Sources */,
				976A0D982C1313E7008036D3 /* INIT_JSPM_T1_XPROJ_DL_L_Tests.swift in Sources */,
				97192ABB2C13FD5900287B03 /* INST_JSPM_T1_L_Tests.swift in Sources */,
				972437B12C12354E0011C5AE /* INST_CSPM_T1_Tests.swift in Sources */,
			);
			runOnlyForDeploymentPostprocessing = 0;
		};
		97E7B23B2C09117A00E33740 /* Sources */ = {
			isa = PBXSourcesBuildPhase;
			buildActionMask = 2147483647;
			files = (
				979962C52C0F84C200782E40 /* Config.swift in Sources */,
				979966D52C10E10300782E40 /* PackageLocation.swift in Sources */,
				97E7B2692C093B9600E33740 /* Init.swift in Sources */,
				979962C92C0FA77300782E40 /* ConfigFile.swift in Sources */,
				9761EE672C0A3A950073AB3E /* SpmFileManager.swift in Sources */,
				979962C72C0F952100782E40 /* ConfigManager.swift in Sources */,
				972453BF2C0957210069A162 /* shell.swift in Sources */,
				972437CA2C123D400011C5AE /* FileManager.swift in Sources */,
				976A0D9D2C138511008036D3 /* FileManagerProtocol.swift in Sources */,
				979967DF2C1178AA00782E40 /* Bool+StringInitialization.swift in Sources */,
				97E7B2432C09117A00E33740 /* SpmmMain.swift in Sources */,
				9799682F2C12249F00782E40 /* Target.swift in Sources */,
				97E7B26B2C093BB600E33740 /* JsonSpmFile.swift in Sources */,
				9799671A2C1105D400782E40 /* RemoteDepenencyManager.swift in Sources */,
				97044C7E2C0A3DE700D7424A /* Project.swift in Sources */,
				9724387C2C12625B0011C5AE /* Output.swift in Sources */,
				9799682D2C121EF200782E40 /* Add.swift in Sources */,
				979967EA2C11825200782E40 /* JsonSpmDependency.swift in Sources */,
				979962CD2C0FBF9D00782E40 /* DependenciesFile.swift in Sources */,
				979962CB2C0FBDFC00782E40 /* DependencyCache.swift in Sources */,
				979967E82C11823A00782E40 /* JsonSpmTarget.swift in Sources */,
				97E7B2672C092CD600E33740 /* Install.swift in Sources */,
				979967182C10FB1800782E40 /* GithubRelease.swift in Sources */,
			);
			runOnlyForDeploymentPostprocessing = 0;
		};
/* End PBXSourcesBuildPhase section */

/* Begin XCBuildConfiguration section */
		972437B22C12354E0011C5AE /* Debug */ = {
			isa = XCBuildConfiguration;
			buildSettings = {
				CODE_SIGN_STYLE = Automatic;
				CURRENT_PROJECT_VERSION = 1;
				DEVELOPMENT_TEAM = D7MN23CD5F;
				GENERATE_INFOPLIST_FILE = YES;
				MARKETING_VERSION = 1.0;
				PRODUCT_BUNDLE_IDENTIFIER = com.anconaesselmann.SwiftPackageManagerCliToolsTests;
				PRODUCT_NAME = "$(TARGET_NAME)";
				SWIFT_EMIT_LOC_STRINGS = NO;
				SWIFT_VERSION = 5.0;
			};
			name = Debug;
		};
		972437B32C12354E0011C5AE /* Release */ = {
			isa = XCBuildConfiguration;
			buildSettings = {
				CODE_SIGN_STYLE = Automatic;
				CURRENT_PROJECT_VERSION = 1;
				DEVELOPMENT_TEAM = D7MN23CD5F;
				GENERATE_INFOPLIST_FILE = YES;
				MARKETING_VERSION = 1.0;
				PRODUCT_BUNDLE_IDENTIFIER = com.anconaesselmann.SwiftPackageManagerCliToolsTests;
				PRODUCT_NAME = "$(TARGET_NAME)";
				SWIFT_EMIT_LOC_STRINGS = NO;
				SWIFT_VERSION = 5.0;
			};
			name = Release;
		};
		97E7B2442C09117A00E33740 /* Debug */ = {
			isa = XCBuildConfiguration;
			buildSettings = {
				ALWAYS_SEARCH_USER_PATHS = NO;
				ASSETCATALOG_COMPILER_GENERATE_SWIFT_ASSET_SYMBOL_EXTENSIONS = YES;
				CLANG_ANALYZER_NONNULL = YES;
				CLANG_ANALYZER_NUMBER_OBJECT_CONVERSION = YES_AGGRESSIVE;
				CLANG_CXX_LANGUAGE_STANDARD = "gnu++20";
				CLANG_ENABLE_MODULES = YES;
				CLANG_ENABLE_OBJC_ARC = YES;
				CLANG_ENABLE_OBJC_WEAK = YES;
				CLANG_WARN_BLOCK_CAPTURE_AUTORELEASING = YES;
				CLANG_WARN_BOOL_CONVERSION = YES;
				CLANG_WARN_COMMA = YES;
				CLANG_WARN_CONSTANT_CONVERSION = YES;
				CLANG_WARN_DEPRECATED_OBJC_IMPLEMENTATIONS = YES;
				CLANG_WARN_DIRECT_OBJC_ISA_USAGE = YES_ERROR;
				CLANG_WARN_DOCUMENTATION_COMMENTS = YES;
				CLANG_WARN_EMPTY_BODY = YES;
				CLANG_WARN_ENUM_CONVERSION = YES;
				CLANG_WARN_INFINITE_RECURSION = YES;
				CLANG_WARN_INT_CONVERSION = YES;
				CLANG_WARN_NON_LITERAL_NULL_CONVERSION = YES;
				CLANG_WARN_OBJC_IMPLICIT_RETAIN_SELF = YES;
				CLANG_WARN_OBJC_LITERAL_CONVERSION = YES;
				CLANG_WARN_OBJC_ROOT_CLASS = YES_ERROR;
				CLANG_WARN_QUOTED_INCLUDE_IN_FRAMEWORK_HEADER = YES;
				CLANG_WARN_RANGE_LOOP_ANALYSIS = YES;
				CLANG_WARN_STRICT_PROTOTYPES = YES;
				CLANG_WARN_SUSPICIOUS_MOVE = YES;
				CLANG_WARN_UNGUARDED_AVAILABILITY = YES_AGGRESSIVE;
				CLANG_WARN_UNREACHABLE_CODE = YES;
				CLANG_WARN__DUPLICATE_METHOD_MATCH = YES;
				COPY_PHASE_STRIP = NO;
				DEBUG_INFORMATION_FORMAT = dwarf;
				ENABLE_STRICT_OBJC_MSGSEND = YES;
				ENABLE_TESTABILITY = YES;
				ENABLE_USER_SCRIPT_SANDBOXING = YES;
				GCC_C_LANGUAGE_STANDARD = gnu17;
				GCC_DYNAMIC_NO_PIC = NO;
				GCC_NO_COMMON_BLOCKS = YES;
				GCC_OPTIMIZATION_LEVEL = 0;
				GCC_PREPROCESSOR_DEFINITIONS = (
					"DEBUG=1",
					"$(inherited)",
				);
				GCC_WARN_64_TO_32_BIT_CONVERSION = YES;
				GCC_WARN_ABOUT_RETURN_TYPE = YES_ERROR;
				GCC_WARN_UNDECLARED_SELECTOR = YES;
				GCC_WARN_UNINITIALIZED_AUTOS = YES_AGGRESSIVE;
				GCC_WARN_UNUSED_FUNCTION = YES;
				GCC_WARN_UNUSED_VARIABLE = YES;
				LOCALIZATION_PREFERS_STRING_CATALOGS = YES;
				MACOSX_DEPLOYMENT_TARGET = 14.0;
				MTL_ENABLE_DEBUG_INFO = INCLUDE_SOURCE;
				MTL_FAST_MATH = YES;
				ONLY_ACTIVE_ARCH = YES;
				SDKROOT = macosx;
				SWIFT_ACTIVE_COMPILATION_CONDITIONS = "DEBUG $(inherited)";
				SWIFT_OPTIMIZATION_LEVEL = "-Onone";
			};
			name = Debug;
		};
		97E7B2452C09117A00E33740 /* Release */ = {
			isa = XCBuildConfiguration;
			buildSettings = {
				ALWAYS_SEARCH_USER_PATHS = NO;
				ASSETCATALOG_COMPILER_GENERATE_SWIFT_ASSET_SYMBOL_EXTENSIONS = YES;
				CLANG_ANALYZER_NONNULL = YES;
				CLANG_ANALYZER_NUMBER_OBJECT_CONVERSION = YES_AGGRESSIVE;
				CLANG_CXX_LANGUAGE_STANDARD = "gnu++20";
				CLANG_ENABLE_MODULES = YES;
				CLANG_ENABLE_OBJC_ARC = YES;
				CLANG_ENABLE_OBJC_WEAK = YES;
				CLANG_WARN_BLOCK_CAPTURE_AUTORELEASING = YES;
				CLANG_WARN_BOOL_CONVERSION = YES;
				CLANG_WARN_COMMA = YES;
				CLANG_WARN_CONSTANT_CONVERSION = YES;
				CLANG_WARN_DEPRECATED_OBJC_IMPLEMENTATIONS = YES;
				CLANG_WARN_DIRECT_OBJC_ISA_USAGE = YES_ERROR;
				CLANG_WARN_DOCUMENTATION_COMMENTS = YES;
				CLANG_WARN_EMPTY_BODY = YES;
				CLANG_WARN_ENUM_CONVERSION = YES;
				CLANG_WARN_INFINITE_RECURSION = YES;
				CLANG_WARN_INT_CONVERSION = YES;
				CLANG_WARN_NON_LITERAL_NULL_CONVERSION = YES;
				CLANG_WARN_OBJC_IMPLICIT_RETAIN_SELF = YES;
				CLANG_WARN_OBJC_LITERAL_CONVERSION = YES;
				CLANG_WARN_OBJC_ROOT_CLASS = YES_ERROR;
				CLANG_WARN_QUOTED_INCLUDE_IN_FRAMEWORK_HEADER = YES;
				CLANG_WARN_RANGE_LOOP_ANALYSIS = YES;
				CLANG_WARN_STRICT_PROTOTYPES = YES;
				CLANG_WARN_SUSPICIOUS_MOVE = YES;
				CLANG_WARN_UNGUARDED_AVAILABILITY = YES_AGGRESSIVE;
				CLANG_WARN_UNREACHABLE_CODE = YES;
				CLANG_WARN__DUPLICATE_METHOD_MATCH = YES;
				COPY_PHASE_STRIP = NO;
				DEBUG_INFORMATION_FORMAT = "dwarf-with-dsym";
				ENABLE_NS_ASSERTIONS = NO;
				ENABLE_STRICT_OBJC_MSGSEND = YES;
				ENABLE_USER_SCRIPT_SANDBOXING = YES;
				GCC_C_LANGUAGE_STANDARD = gnu17;
				GCC_NO_COMMON_BLOCKS = YES;
				GCC_WARN_64_TO_32_BIT_CONVERSION = YES;
				GCC_WARN_ABOUT_RETURN_TYPE = YES_ERROR;
				GCC_WARN_UNDECLARED_SELECTOR = YES;
				GCC_WARN_UNINITIALIZED_AUTOS = YES_AGGRESSIVE;
				GCC_WARN_UNUSED_FUNCTION = YES;
				GCC_WARN_UNUSED_VARIABLE = YES;
				LOCALIZATION_PREFERS_STRING_CATALOGS = YES;
				MACOSX_DEPLOYMENT_TARGET = 14.0;
				MTL_ENABLE_DEBUG_INFO = NO;
				MTL_FAST_MATH = YES;
				SDKROOT = macosx;
				SWIFT_COMPILATION_MODE = wholemodule;
			};
			name = Release;
		};
		97E7B2472C09117A00E33740 /* Debug */ = {
			isa = XCBuildConfiguration;
			buildSettings = {
				CODE_SIGN_STYLE = Automatic;
				DEVELOPMENT_TEAM = D7MN23CD5F;
				ENABLE_HARDENED_RUNTIME = YES;
				MACOSX_DEPLOYMENT_TARGET = 14.0;
				PRODUCT_NAME = "$(TARGET_NAME)";
				SWIFT_VERSION = 5.0;
			};
			name = Debug;
		};
		97E7B2482C09117A00E33740 /* Release */ = {
			isa = XCBuildConfiguration;
			buildSettings = {
				CODE_SIGN_STYLE = Automatic;
				DEVELOPMENT_TEAM = D7MN23CD5F;
				ENABLE_HARDENED_RUNTIME = YES;
				MACOSX_DEPLOYMENT_TARGET = 14.0;
				PRODUCT_NAME = "$(TARGET_NAME)";
				SWIFT_VERSION = 5.0;
			};
			name = Release;
		};
/* End XCBuildConfiguration section */

/* Begin XCConfigurationList section */
		972437B42C12354E0011C5AE /* Build configuration list for PBXNativeTarget "SwiftPackageManagerCliToolsTests" */ = {
			isa = XCConfigurationList;
			buildConfigurations = (
				972437B22C12354E0011C5AE /* Debug */,
				972437B32C12354E0011C5AE /* Release */,
			);
			defaultConfigurationIsVisible = 0;
			defaultConfigurationName = Release;
		};
		97E7B23A2C09117A00E33740 /* Build configuration list for PBXProject "SPMM" */ = {
			isa = XCConfigurationList;
			buildConfigurations = (
				97E7B2442C09117A00E33740 /* Debug */,
				97E7B2452C09117A00E33740 /* Release */,
			);
			defaultConfigurationIsVisible = 0;
			defaultConfigurationName = Release;
		};
		97E7B2462C09117A00E33740 /* Build configuration list for PBXNativeTarget "SPMM" */ = {
			isa = XCConfigurationList;
			buildConfigurations = (
				97E7B2472C09117A00E33740 /* Debug */,
				97E7B2482C09117A00E33740 /* Release */,
			);
			defaultConfigurationIsVisible = 0;
			defaultConfigurationName = Release;
		};
/* End XCConfigurationList section */

/* Begin XCRemoteSwiftPackageReference section */
		7E8642058AD8F1CDAC9350F5 /* XCRemoteSwiftPackageReference "XProjParser" */ = {
			isa = XCRemoteSwiftPackageReference;
			repositoryURL = "https://github.com/anconaesselmann/XProjParser";
			requirement = {
				kind = upToNextMajorVersion;
				minimumVersion = 0.0.7;
			};
		};
		8A0245878AF0BCD2BC0C742A /* XCRemoteSwiftPackageReference "swift-argument-parser" */ = {
			isa = XCRemoteSwiftPackageReference;
			repositoryURL = "https://github.com/apple/swift-argument-parser";
			requirement = {
				kind = upToNextMajorVersion;
				minimumVersion = 1.4.0;
			};
		};
/* End XCRemoteSwiftPackageReference section */

/* Begin XCSwiftPackageProductDependency section */
		0ED594008AD8F1CDAC9350F5 /* XProjParser */ = {
			isa = XCSwiftPackageProductDependency;
			package = 7E8642058AD8F1CDAC9350F5 /* XCRemoteSwiftPackageReference "XProjParser" */;
			productName = XProjParser;
		};
		0ED594008AF0BCD2BC0C742A /* ArgumentParser */ = {
			isa = XCSwiftPackageProductDependency;
			package = 8A0245878AF0BCD2BC0C742A /* XCRemoteSwiftPackageReference "swift-argument-parser" */;
			productName = ArgumentParser;
		};
		D8B5A0FD8AD8F1CDAC9350F5 /* XProjParser */ = {
			isa = XCSwiftPackageProductDependency;
			package = 7E8642058AD8F1CDAC9350F5 /* XCRemoteSwiftPackageReference "XProjParser" */;
			productName = XProjParser;
		};
		D8B5A0FD8AF0BCD2BC0C742A /* ArgumentParser */ = {
			isa = XCSwiftPackageProductDependency;
			package = 8A0245878AF0BCD2BC0C742A /* XCRemoteSwiftPackageReference "swift-argument-parser" */;
			productName = ArgumentParser;
		};
/* End XCSwiftPackageProductDependency section */
	};
	rootObject = 97E7B2372C09117A00E33740 /* Project object */;
}
